// !$*UTF8*$!
{
	archiveVersion = 1;
	classes = {
	};
	objectVersion = 46;
	objects = {

/* Begin PBXBuildFile section */
		262A2C8E17DE2CAD006D2EAA /* Screen Shot 2013-08-26 at 9.05.22 PM.png in Resources */ = {isa = PBXBuildFile; fileRef = 262A2C8B17DE2CAD006D2EAA /* Screen Shot 2013-08-26 at 9.05.22 PM.png */; };
		262A2C8F17DE2CAD006D2EAA /* Screen Shot 2013-08-26 at 9.09.25 PM.png in Resources */ = {isa = PBXBuildFile; fileRef = 262A2C8C17DE2CAD006D2EAA /* Screen Shot 2013-08-26 at 9.09.25 PM.png */; };
		262A2C9017DE2CAD006D2EAA /* Screen Shot 2013-08-26 at 9.11.28 PM.png in Resources */ = {isa = PBXBuildFile; fileRef = 262A2C8D17DE2CAD006D2EAA /* Screen Shot 2013-08-26 at 9.11.28 PM.png */; };
		2655872A17DE3F970086D936 /* tp_info_popup.png in Resources */ = {isa = PBXBuildFile; fileRef = 2655871A17DE3F970086D936 /* tp_info_popup.png */; };
		2655872B17DE3F970086D936 /* tp_info_popup@2x.png in Resources */ = {isa = PBXBuildFile; fileRef = 2655871B17DE3F970086D936 /* tp_info_popup@2x.png */; };
		2655872C17DE3F970086D936 /* tp_pause_button.png in Resources */ = {isa = PBXBuildFile; fileRef = 2655871C17DE3F970086D936 /* tp_pause_button.png */; };
		2655872D17DE3F970086D936 /* tp_pause_button@2x.png in Resources */ = {isa = PBXBuildFile; fileRef = 2655871D17DE3F970086D936 /* tp_pause_button@2x.png */; };
		2655872E17DE3F970086D936 /* tp_play_button.png in Resources */ = {isa = PBXBuildFile; fileRef = 2655871E17DE3F970086D936 /* tp_play_button.png */; };
		2655872F17DE3F970086D936 /* tp_play_button@2x.png in Resources */ = {isa = PBXBuildFile; fileRef = 2655871F17DE3F970086D936 /* tp_play_button@2x.png */; };
		2655873017DE3F970086D936 /* tp_scrubber_knob_highlighted.png in Resources */ = {isa = PBXBuildFile; fileRef = 2655872017DE3F970086D936 /* tp_scrubber_knob_highlighted.png */; };
		2655873117DE3F970086D936 /* tp_scrubber_knob_highlighted@2x.png in Resources */ = {isa = PBXBuildFile; fileRef = 2655872117DE3F970086D936 /* tp_scrubber_knob_highlighted@2x.png */; };
		2655873217DE3F970086D936 /* tp_scrubber_knob.png in Resources */ = {isa = PBXBuildFile; fileRef = 2655872217DE3F970086D936 /* tp_scrubber_knob.png */; };
		2655873317DE3F970086D936 /* tp_scrubber_knob@2x.png in Resources */ = {isa = PBXBuildFile; fileRef = 2655872317DE3F970086D936 /* tp_scrubber_knob@2x.png */; };
		2655873417DE3F970086D936 /* tp_track_flex.png in Resources */ = {isa = PBXBuildFile; fileRef = 2655872417DE3F970086D936 /* tp_track_flex.png */; };
		2655873517DE3F970086D936 /* tp_track_flex@2x.png in Resources */ = {isa = PBXBuildFile; fileRef = 2655872517DE3F970086D936 /* tp_track_flex@2x.png */; };
		2655873617DE3F970086D936 /* tp_track_highlight_flex.png in Resources */ = {isa = PBXBuildFile; fileRef = 2655872617DE3F970086D936 /* tp_track_highlight_flex.png */; };
		2655873717DE3F970086D936 /* tp_track_highlight_flex@2x.png in Resources */ = {isa = PBXBuildFile; fileRef = 2655872717DE3F970086D936 /* tp_track_highlight_flex@2x.png */; };
		2655873817DE3F970086D936 /* tp_transport_base.png in Resources */ = {isa = PBXBuildFile; fileRef = 2655872817DE3F970086D936 /* tp_transport_base.png */; };
		2655873917DE3F970086D936 /* tp_transport_base@2x.png in Resources */ = {isa = PBXBuildFile; fileRef = 2655872917DE3F970086D936 /* tp_transport_base@2x.png */; };
		2655874017E0D0170086D936 /* pb_ap_button_background.png in Resources */ = {isa = PBXBuildFile; fileRef = 2655873A17E0D0170086D936 /* pb_ap_button_background.png */; };
		2655874117E0D0170086D936 /* pb_ap_button_background@2x.png in Resources */ = {isa = PBXBuildFile; fileRef = 2655873B17E0D0170086D936 /* pb_ap_button_background@2x.png */; };
		2655874217E0D0170086D936 /* pb_charlie_button_background.png in Resources */ = {isa = PBXBuildFile; fileRef = 2655873C17E0D0170086D936 /* pb_charlie_button_background.png */; };
		2655874317E0D0170086D936 /* pb_charlie_button_background@2x.png in Resources */ = {isa = PBXBuildFile; fileRef = 2655873D17E0D0170086D936 /* pb_charlie_button_background@2x.png */; };
		2655874417E0D0170086D936 /* pb_play_icon.png in Resources */ = {isa = PBXBuildFile; fileRef = 2655873E17E0D0170086D936 /* pb_play_icon.png */; };
		2655874517E0D0170086D936 /* pb_play_icon@2x.png in Resources */ = {isa = PBXBuildFile; fileRef = 2655873F17E0D0170086D936 /* pb_play_icon@2x.png */; };
		2655874717E0D0910086D936 /* MediaPlayer.framework in Frameworks */ = {isa = PBXBuildFile; fileRef = 2655874617E0D0910086D936 /* MediaPlayer.framework */; };
		2672147417D2261500B89FB0 /* TemplateMainViewController.m in Sources */ = {isa = PBXBuildFile; fileRef = 2672147317D2261500B89FB0 /* TemplateMainViewController.m */; };
		267607EA17D7542200FEC5C3 /* TemplateCVCell.m in Sources */ = {isa = PBXBuildFile; fileRef = 267607E917D7542100FEC5C3 /* TemplateCVCell.m */; };
		267607EC17DB51B200FEC5C3 /* AVFoundation.framework in Frameworks */ = {isa = PBXBuildFile; fileRef = 267607EB17DB51B200FEC5C3 /* AVFoundation.framework */; };
		F163101F17DFCD6700A2F361 /* BT_meeting_gone_wrong.mp4 in Resources */ = {isa = PBXBuildFile; fileRef = F163101817DFCD6700A2F361 /* BT_meeting_gone_wrong.mp4 */; };
		F163102017DFCD6700A2F361 /* BT_meeting_gone_wrong.png in Resources */ = {isa = PBXBuildFile; fileRef = F163101917DFCD6700A2F361 /* BT_meeting_gone_wrong.png */; };
		F163102117DFCD6700A2F361 /* Family_Guy_Wrong_Meeting.mp4 in Resources */ = {isa = PBXBuildFile; fileRef = F163101A17DFCD6700A2F361 /* Family_Guy_Wrong_Meeting.mp4 */; };
		F163102217DFCD6700A2F361 /* Family_Guy_Wrong_Meeting.png in Resources */ = {isa = PBXBuildFile; fileRef = F163101B17DFCD6700A2F361 /* Family_Guy_Wrong_Meeting.png */; };
		F163102317DFCD6700A2F361 /* I_am_yor_father-Tomer.mp4 in Resources */ = {isa = PBXBuildFile; fileRef = F163101C17DFCD6700A2F361 /* I_am_yor_father-Tomer.mp4 */; };
		F163102417DFCD6700A2F361 /* I_am_yor_father-Tomer.png in Resources */ = {isa = PBXBuildFile; fileRef = F163101D17DFCD6700A2F361 /* I_am_yor_father-Tomer.png */; };
		F163102517DFCD6700A2F361 /* Remakes.csv in Resources */ = {isa = PBXBuildFile; fileRef = F163101E17DFCD6700A2F361 /* Remakes.csv */; };
		F163102617DFCF5A00A2F361 /* BT_meeting_gone_wrong.mp4 in Resources */ = {isa = PBXBuildFile; fileRef = F163101817DFCD6700A2F361 /* BT_meeting_gone_wrong.mp4 */; };
		F163102717DFCF5A00A2F361 /* BT_meeting_gone_wrong.png in Resources */ = {isa = PBXBuildFile; fileRef = F163101917DFCD6700A2F361 /* BT_meeting_gone_wrong.png */; };
		F163102817DFCF5A00A2F361 /* Family_Guy_Wrong_Meeting.mp4 in Resources */ = {isa = PBXBuildFile; fileRef = F163101A17DFCD6700A2F361 /* Family_Guy_Wrong_Meeting.mp4 */; };
		F163102917DFCF5A00A2F361 /* Family_Guy_Wrong_Meeting.png in Resources */ = {isa = PBXBuildFile; fileRef = F163101B17DFCD6700A2F361 /* Family_Guy_Wrong_Meeting.png */; };
		F163102A17DFCF5A00A2F361 /* I_am_yor_father-Tomer.mp4 in Resources */ = {isa = PBXBuildFile; fileRef = F163101C17DFCD6700A2F361 /* I_am_yor_father-Tomer.mp4 */; };
		F163102B17DFCF5A00A2F361 /* I_am_yor_father-Tomer.png in Resources */ = {isa = PBXBuildFile; fileRef = F163101D17DFCD6700A2F361 /* I_am_yor_father-Tomer.png */; };
		F163102C17DFCF5A00A2F361 /* Remakes.csv in Resources */ = {isa = PBXBuildFile; fileRef = F163101E17DFCD6700A2F361 /* Remakes.csv */; };
		F19123CD17DE0C8900DE85DB /* CHCSVParser.m in Sources */ = {isa = PBXBuildFile; fileRef = F19123CC17DE0C8900DE85DB /* CHCSVParser.m */; };
		F19123D817DE140D00DE85DB /* Homage_Tikim.mp4 in Resources */ = {isa = PBXBuildFile; fileRef = F19123D117DE140D00DE85DB /* Homage_Tikim.mp4 */; };
		F19123D917DE140D00DE85DB /* Homage_Tikim.png in Resources */ = {isa = PBXBuildFile; fileRef = F19123D217DE140D00DE85DB /* Homage_Tikim.png */; };
		F19123DA17DE140D00DE85DB /* I_am_yor_father-Ran.mp4 in Resources */ = {isa = PBXBuildFile; fileRef = F19123D317DE140D00DE85DB /* I_am_yor_father-Ran.mp4 */; };
		F19123DB17DE140D00DE85DB /* I_am_yor_father-Ran.png in Resources */ = {isa = PBXBuildFile; fileRef = F19123D417DE140D00DE85DB /* I_am_yor_father-Ran.png */; };
		F19123DC17DE140D00DE85DB /* Templates.csv in Resources */ = {isa = PBXBuildFile; fileRef = F19123D517DE140D00DE85DB /* Templates.csv */; };
		F19123DD17DE140D00DE85DB /* Wrong_meeting.mp4 in Resources */ = {isa = PBXBuildFile; fileRef = F19123D617DE140D00DE85DB /* Wrong_meeting.mp4 */; };
		F19123DE17DE140D00DE85DB /* wrong_meeting.png in Resources */ = {isa = PBXBuildFile; fileRef = F19123D717DE140D00DE85DB /* wrong_meeting.png */; };
		F19123E117DE157100DE85DB /* HMGTemplateCSVLoader.m in Sources */ = {isa = PBXBuildFile; fileRef = F19123E017DE157100DE85DB /* HMGTemplateCSVLoader.m */; };
		F19123E417DE7EB800DE85DB /* TemplateCSVLoaderTests.m in Sources */ = {isa = PBXBuildFile; fileRef = F19123E317DE7EB800DE85DB /* TemplateCSVLoaderTests.m */; };
		F19123E517DE812900DE85DB /* HMGTemplateCSVLoader.m in Sources */ = {isa = PBXBuildFile; fileRef = F19123E017DE157100DE85DB /* HMGTemplateCSVLoader.m */; };
		F19123E617DE813F00DE85DB /* CHCSVParser.m in Sources */ = {isa = PBXBuildFile; fileRef = F19123CC17DE0C8900DE85DB /* CHCSVParser.m */; };
		F19123E717DE871A00DE85DB /* Templates.csv in Resources */ = {isa = PBXBuildFile; fileRef = F19123D517DE140D00DE85DB /* Templates.csv */; };
		F19123E817DE8DA900DE85DB /* Homage_Tikim.mp4 in Resources */ = {isa = PBXBuildFile; fileRef = F19123D117DE140D00DE85DB /* Homage_Tikim.mp4 */; };
		F19123E917DE8DA900DE85DB /* Homage_Tikim.png in Resources */ = {isa = PBXBuildFile; fileRef = F19123D217DE140D00DE85DB /* Homage_Tikim.png */; };
		F19123EA17DE8DA900DE85DB /* I_am_yor_father-Ran.mp4 in Resources */ = {isa = PBXBuildFile; fileRef = F19123D317DE140D00DE85DB /* I_am_yor_father-Ran.mp4 */; };
		F19123EB17DE8DA900DE85DB /* I_am_yor_father-Ran.png in Resources */ = {isa = PBXBuildFile; fileRef = F19123D417DE140D00DE85DB /* I_am_yor_father-Ran.png */; };
		F19123EC17DE8DA900DE85DB /* Wrong_meeting.mp4 in Resources */ = {isa = PBXBuildFile; fileRef = F19123D617DE140D00DE85DB /* Wrong_meeting.mp4 */; };
		F19123ED17DE8DA900DE85DB /* wrong_meeting.png in Resources */ = {isa = PBXBuildFile; fileRef = F19123D717DE140D00DE85DB /* wrong_meeting.png */; };
		F1C8EECB17CF38420093DB0A /* UIKit.framework in Frameworks */ = {isa = PBXBuildFile; fileRef = F1C8EECA17CF38420093DB0A /* UIKit.framework */; };
		F1C8EECD17CF38420093DB0A /* Foundation.framework in Frameworks */ = {isa = PBXBuildFile; fileRef = F1C8EECC17CF38420093DB0A /* Foundation.framework */; };
		F1C8EECF17CF38420093DB0A /* CoreGraphics.framework in Frameworks */ = {isa = PBXBuildFile; fileRef = F1C8EECE17CF38420093DB0A /* CoreGraphics.framework */; };
		F1C8EED517CF38420093DB0A /* InfoPlist.strings in Resources */ = {isa = PBXBuildFile; fileRef = F1C8EED317CF38420093DB0A /* InfoPlist.strings */; };
		F1C8EED717CF38420093DB0A /* main.m in Sources */ = {isa = PBXBuildFile; fileRef = F1C8EED617CF38420093DB0A /* main.m */; };
		F1C8EEDB17CF38420093DB0A /* HomageAppDelegate.m in Sources */ = {isa = PBXBuildFile; fileRef = F1C8EEDA17CF38420093DB0A /* HomageAppDelegate.m */; };
		F1C8EEDD17CF38420093DB0A /* Default.png in Resources */ = {isa = PBXBuildFile; fileRef = F1C8EEDC17CF38420093DB0A /* Default.png */; };
		F1C8EEDF17CF38420093DB0A /* Default@2x.png in Resources */ = {isa = PBXBuildFile; fileRef = F1C8EEDE17CF38420093DB0A /* Default@2x.png */; };
		F1C8EEE117CF38420093DB0A /* Default-568h@2x.png in Resources */ = {isa = PBXBuildFile; fileRef = F1C8EEE017CF38420093DB0A /* Default-568h@2x.png */; };
		F1C8EEE417CF38420093DB0A /* MainStoryboard.storyboard in Resources */ = {isa = PBXBuildFile; fileRef = F1C8EEE217CF38420093DB0A /* MainStoryboard.storyboard */; };
		F1C8EEE717CF38420093DB0A /* HomageViewController.m in Sources */ = {isa = PBXBuildFile; fileRef = F1C8EEE617CF38420093DB0A /* HomageViewController.m */; };
		F1C8EEEF17CF38420093DB0A /* SenTestingKit.framework in Frameworks */ = {isa = PBXBuildFile; fileRef = F1C8EEEE17CF38420093DB0A /* SenTestingKit.framework */; };
		F1C8EEF017CF38420093DB0A /* UIKit.framework in Frameworks */ = {isa = PBXBuildFile; fileRef = F1C8EECA17CF38420093DB0A /* UIKit.framework */; };
		F1C8EEF117CF38420093DB0A /* Foundation.framework in Frameworks */ = {isa = PBXBuildFile; fileRef = F1C8EECC17CF38420093DB0A /* Foundation.framework */; };
		F1C8EEF917CF38420093DB0A /* InfoPlist.strings in Resources */ = {isa = PBXBuildFile; fileRef = F1C8EEF717CF38420093DB0A /* InfoPlist.strings */; };
		F1C8EEFC17CF38420093DB0A /* HomagePrototypeTests.m in Sources */ = {isa = PBXBuildFile; fileRef = F1C8EEFB17CF38420093DB0A /* HomagePrototypeTests.m */; };
		F1C8EF0717CF3A230093DB0A /* HMGTemplate.m in Sources */ = {isa = PBXBuildFile; fileRef = F1C8EF0617CF3A230093DB0A /* HMGTemplate.m */; };
		F1C8EF0B17CF3ADC0093DB0A /* HMGRemake.m in Sources */ = {isa = PBXBuildFile; fileRef = F1C8EF0A17CF3ADC0093DB0A /* HMGRemake.m */; };
		F1C8EF0E17CF40280093DB0A /* HMGTemplateIterator.m in Sources */ = {isa = PBXBuildFile; fileRef = F1C8EF0D17CF40280093DB0A /* HMGTemplateIterator.m */; };
		F1CBC47617E4958700167772 /* finish.mov in Resources */ = {isa = PBXBuildFile; fileRef = F1CBC47517E4958700167772 /* finish.mov */; };
		F1CBC47817E495DE00167772 /* he_told_me_enough.mov in Resources */ = {isa = PBXBuildFile; fileRef = F1CBC47717E495DE00167772 /* he_told_me_enough.mov */; };
		F1D42E8A17D4915F00802D7C /* SenTestingKit.framework in Frameworks */ = {isa = PBXBuildFile; fileRef = F1C8EEEE17CF38420093DB0A /* SenTestingKit.framework */; };
		F1D42E8B17D4915F00802D7C /* UIKit.framework in Frameworks */ = {isa = PBXBuildFile; fileRef = F1C8EECA17CF38420093DB0A /* UIKit.framework */; };
		F1D42E8C17D4915F00802D7C /* Foundation.framework in Frameworks */ = {isa = PBXBuildFile; fileRef = F1C8EECC17CF38420093DB0A /* Foundation.framework */; };
		F1D42E9217D4915F00802D7C /* InfoPlist.strings in Resources */ = {isa = PBXBuildFile; fileRef = F1D42E9017D4915F00802D7C /* InfoPlist.strings */; };
		F1D42E9C17D4BDF700802D7C /* TemplatesIteratorTests.m in Sources */ = {isa = PBXBuildFile; fileRef = F1D42E9B17D4BDF700802D7C /* TemplatesIteratorTests.m */; };
		F1D42E9D17D4CE0800802D7C /* HMGTemplate.m in Sources */ = {isa = PBXBuildFile; fileRef = F1C8EF0617CF3A230093DB0A /* HMGTemplate.m */; };
		F1D42E9E17D4CE0800802D7C /* HMGRemake.m in Sources */ = {isa = PBXBuildFile; fileRef = F1C8EF0A17CF3ADC0093DB0A /* HMGRemake.m */; };
		F1D42E9F17D4CE0800802D7C /* HMGTemplateIterator.m in Sources */ = {isa = PBXBuildFile; fileRef = F1C8EF0D17CF40280093DB0A /* HMGTemplateIterator.m */; };
		F1E4AD5C17E4923900FDBC5A /* falling.mov in Resources */ = {isa = PBXBuildFile; fileRef = F1E4AD5917E4923800FDBC5A /* falling.mov */; };
		F1F04AE817E1AEBD00720C5C /* CoreMedia.framework in Frameworks */ = {isa = PBXBuildFile; fileRef = F1F04AE717E1AEBD00720C5C /* CoreMedia.framework */; };
		F1F04AEB17E1AFF500720C5C /* HMGVideoSegment.m in Sources */ = {isa = PBXBuildFile; fileRef = F1F04AEA17E1AFF500720C5C /* HMGVideoSegment.m */; };
		F1F04AEE17E1B02600720C5C /* HMGSegment.m in Sources */ = {isa = PBXBuildFile; fileRef = F1F04AED17E1B02600720C5C /* HMGSegment.m */; };
		F1F04AF117E1B13800720C5C /* HMGImageSegment.m in Sources */ = {isa = PBXBuildFile; fileRef = F1F04AF017E1B13800720C5C /* HMGImageSegment.m */; };
		F1F04AF417E1B36F00720C5C /* HMGTextSegment.m in Sources */ = {isa = PBXBuildFile; fileRef = F1F04AF317E1B36F00720C5C /* HMGTextSegment.m */; };
		F1F04AF717E1B39700720C5C /* HMGFixedSegment.m in Sources */ = {isa = PBXBuildFile; fileRef = F1F04AF617E1B39700720C5C /* HMGFixedSegment.m */; };
		F1F04B0417E47F9800720C5C /* ImageSegments.csv in Resources */ = {isa = PBXBuildFile; fileRef = F1F04B0017E47F9800720C5C /* ImageSegments.csv */; };
		F1F04B0517E47F9800720C5C /* Segments.csv in Resources */ = {isa = PBXBuildFile; fileRef = F1F04B0117E47F9800720C5C /* Segments.csv */; };
		F1F04B0617E47F9800720C5C /* TextSegments.csv in Resources */ = {isa = PBXBuildFile; fileRef = F1F04B0217E47F9800720C5C /* TextSegments.csv */; };
		F1F04B0717E47F9800720C5C /* VideoSegments.csv in Resources */ = {isa = PBXBuildFile; fileRef = F1F04B0317E47F9800720C5C /* VideoSegments.csv */; };
		F1F04B0A17E488CF00720C5C /* HMGVideoSegment.m in Sources */ = {isa = PBXBuildFile; fileRef = F1F04AEA17E1AFF500720C5C /* HMGVideoSegment.m */; };
		F1F04B0B17E488CF00720C5C /* HMGSegment.m in Sources */ = {isa = PBXBuildFile; fileRef = F1F04AED17E1B02600720C5C /* HMGSegment.m */; };
		F1F04B0C17E488CF00720C5C /* HMGImageSegment.m in Sources */ = {isa = PBXBuildFile; fileRef = F1F04AF017E1B13800720C5C /* HMGImageSegment.m */; };
		F1F04B0D17E488CF00720C5C /* HMGTextSegment.m in Sources */ = {isa = PBXBuildFile; fileRef = F1F04AF317E1B36F00720C5C /* HMGTextSegment.m */; };
		F1F04B0E17E488CF00720C5C /* HMGFixedSegment.m in Sources */ = {isa = PBXBuildFile; fileRef = F1F04AF617E1B39700720C5C /* HMGFixedSegment.m */; };
		F1F04B0F17E4890D00720C5C /* CoreMedia.framework in Frameworks */ = {isa = PBXBuildFile; fileRef = F1F04AE717E1AEBD00720C5C /* CoreMedia.framework */; };
		F1F04B2817E48EFB00720C5C /* falling.PNG in Resources */ = {isa = PBXBuildFile; fileRef = F1F04B1117E48EFB00720C5C /* falling.PNG */; };
		F1F04B2A17E48EFB00720C5C /* finish.PNG in Resources */ = {isa = PBXBuildFile; fileRef = F1F04B1317E48EFB00720C5C /* finish.PNG */; };
		F1F04B2C17E48EFB00720C5C /* he_told_me_enough.PNG in Resources */ = {isa = PBXBuildFile; fileRef = F1F04B1517E48EFB00720C5C /* he_told_me_enough.PNG */; };
		F1F04B2D17E48EFB00720C5C /* legs.mov in Resources */ = {isa = PBXBuildFile; fileRef = F1F04B1617E48EFB00720C5C /* legs.mov */; };
		F1F04B2E17E48EFB00720C5C /* legs.png in Resources */ = {isa = PBXBuildFile; fileRef = F1F04B1717E48EFB00720C5C /* legs.png */; };
		F1F04B2F17E48EFB00720C5C /* letting_go.mov in Resources */ = {isa = PBXBuildFile; fileRef = F1F04B1817E48EFB00720C5C /* letting_go.mov */; };
		F1F04B3017E48EFB00720C5C /* letting_go.PNG in Resources */ = {isa = PBXBuildFile; fileRef = F1F04B1917E48EFB00720C5C /* letting_go.PNG */; };
		F1F04B3117E48EFB00720C5C /* Neta_juice.mov in Resources */ = {isa = PBXBuildFile; fileRef = F1F04B1A17E48EFB00720C5C /* Neta_juice.mov */; };
		F1F04B3217E48EFB00720C5C /* Neta_juice.PNG in Resources */ = {isa = PBXBuildFile; fileRef = F1F04B1B17E48EFB00720C5C /* Neta_juice.PNG */; };
		F1F04B3317E48EFB00720C5C /* never_join_you.mov in Resources */ = {isa = PBXBuildFile; fileRef = F1F04B1C17E48EFB00720C5C /* never_join_you.mov */; };
		F1F04B3417E48EFB00720C5C /* never_join_you.PNG in Resources */ = {isa = PBXBuildFile; fileRef = F1F04B1D17E48EFB00720C5C /* never_join_you.PNG */; };
		F1F04B3517E48EFB00720C5C /* Race_Start.mov in Resources */ = {isa = PBXBuildFile; fileRef = F1F04B1E17E48EFB00720C5C /* Race_Start.mov */; };
		F1F04B3617E48EFB00720C5C /* Race_Start.PNG in Resources */ = {isa = PBXBuildFile; fileRef = F1F04B1F17E48EFB00720C5C /* Race_Start.PNG */; };
		F1F04B3717E48EFB00720C5C /* Race.mov in Resources */ = {isa = PBXBuildFile; fileRef = F1F04B2017E48EFB00720C5C /* Race.mov */; };
		F1F04B3817E48EFB00720C5C /* Race.PNG in Resources */ = {isa = PBXBuildFile; fileRef = F1F04B2117E48EFB00720C5C /* Race.PNG */; };
		F1F04B3917E48EFB00720C5C /* Red.mov in Resources */ = {isa = PBXBuildFile; fileRef = F1F04B2217E48EFB00720C5C /* Red.mov */; };
		F1F04B3A17E48EFB00720C5C /* Tikim_Images.mp4 in Resources */ = {isa = PBXBuildFile; fileRef = F1F04B2317E48EFB00720C5C /* Tikim_Images.mp4 */; };
		F1F04B3B17E48EFB00720C5C /* Tikim_Images.png in Resources */ = {isa = PBXBuildFile; fileRef = F1F04B2417E48EFB00720C5C /* Tikim_Images.png */; };
		F1F04B3C17E48EFB00720C5C /* Tikim_Text.mp4 in Resources */ = {isa = PBXBuildFile; fileRef = F1F04B2517E48EFB00720C5C /* Tikim_Text.mp4 */; };
		F1F04B3D17E48EFB00720C5C /* Tikim_Text.png in Resources */ = {isa = PBXBuildFile; fileRef = F1F04B2617E48EFB00720C5C /* Tikim_Text.png */; };
/* End PBXBuildFile section */

/* Begin PBXContainerItemProxy section */
		F1C8EEF217CF38420093DB0A /* PBXContainerItemProxy */ = {
			isa = PBXContainerItemProxy;
			containerPortal = F1C8EEBF17CF38420093DB0A /* Project object */;
			proxyType = 1;
			remoteGlobalIDString = F1C8EEC617CF38420093DB0A;
			remoteInfo = HomagePrototype;
		};
		F1D42EA017D4CE1600802D7C /* PBXContainerItemProxy */ = {
			isa = PBXContainerItemProxy;
			containerPortal = F1C8EEBF17CF38420093DB0A /* Project object */;
			proxyType = 1;
			remoteGlobalIDString = F1C8EEC617CF38420093DB0A;
			remoteInfo = HomagePrototype;
		};
/* End PBXContainerItemProxy section */

/* Begin PBXFileReference section */
		262A2C8B17DE2CAD006D2EAA /* Screen Shot 2013-08-26 at 9.05.22 PM.png */ = {isa = PBXFileReference; lastKnownFileType = image.png; path = "Screen Shot 2013-08-26 at 9.05.22 PM.png"; sourceTree = "<group>"; };
		262A2C8C17DE2CAD006D2EAA /* Screen Shot 2013-08-26 at 9.09.25 PM.png */ = {isa = PBXFileReference; lastKnownFileType = image.png; path = "Screen Shot 2013-08-26 at 9.09.25 PM.png"; sourceTree = "<group>"; };
		262A2C8D17DE2CAD006D2EAA /* Screen Shot 2013-08-26 at 9.11.28 PM.png */ = {isa = PBXFileReference; lastKnownFileType = image.png; path = "Screen Shot 2013-08-26 at 9.11.28 PM.png"; sourceTree = "<group>"; };
		2655871A17DE3F970086D936 /* tp_info_popup.png */ = {isa = PBXFileReference; lastKnownFileType = image.png; path = tp_info_popup.png; sourceTree = "<group>"; };
		2655871B17DE3F970086D936 /* tp_info_popup@2x.png */ = {isa = PBXFileReference; lastKnownFileType = image.png; path = "tp_info_popup@2x.png"; sourceTree = "<group>"; };
		2655871C17DE3F970086D936 /* tp_pause_button.png */ = {isa = PBXFileReference; lastKnownFileType = image.png; path = tp_pause_button.png; sourceTree = "<group>"; };
		2655871D17DE3F970086D936 /* tp_pause_button@2x.png */ = {isa = PBXFileReference; lastKnownFileType = image.png; path = "tp_pause_button@2x.png"; sourceTree = "<group>"; };
		2655871E17DE3F970086D936 /* tp_play_button.png */ = {isa = PBXFileReference; lastKnownFileType = image.png; path = tp_play_button.png; sourceTree = "<group>"; };
		2655871F17DE3F970086D936 /* tp_play_button@2x.png */ = {isa = PBXFileReference; lastKnownFileType = image.png; path = "tp_play_button@2x.png"; sourceTree = "<group>"; };
		2655872017DE3F970086D936 /* tp_scrubber_knob_highlighted.png */ = {isa = PBXFileReference; lastKnownFileType = image.png; path = tp_scrubber_knob_highlighted.png; sourceTree = "<group>"; };
		2655872117DE3F970086D936 /* tp_scrubber_knob_highlighted@2x.png */ = {isa = PBXFileReference; lastKnownFileType = image.png; path = "tp_scrubber_knob_highlighted@2x.png"; sourceTree = "<group>"; };
		2655872217DE3F970086D936 /* tp_scrubber_knob.png */ = {isa = PBXFileReference; lastKnownFileType = image.png; path = tp_scrubber_knob.png; sourceTree = "<group>"; };
		2655872317DE3F970086D936 /* tp_scrubber_knob@2x.png */ = {isa = PBXFileReference; lastKnownFileType = image.png; path = "tp_scrubber_knob@2x.png"; sourceTree = "<group>"; };
		2655872417DE3F970086D936 /* tp_track_flex.png */ = {isa = PBXFileReference; lastKnownFileType = image.png; path = tp_track_flex.png; sourceTree = "<group>"; };
		2655872517DE3F970086D936 /* tp_track_flex@2x.png */ = {isa = PBXFileReference; lastKnownFileType = image.png; path = "tp_track_flex@2x.png"; sourceTree = "<group>"; };
		2655872617DE3F970086D936 /* tp_track_highlight_flex.png */ = {isa = PBXFileReference; lastKnownFileType = image.png; path = tp_track_highlight_flex.png; sourceTree = "<group>"; };
		2655872717DE3F970086D936 /* tp_track_highlight_flex@2x.png */ = {isa = PBXFileReference; lastKnownFileType = image.png; path = "tp_track_highlight_flex@2x.png"; sourceTree = "<group>"; };
		2655872817DE3F970086D936 /* tp_transport_base.png */ = {isa = PBXFileReference; lastKnownFileType = image.png; path = tp_transport_base.png; sourceTree = "<group>"; };
		2655872917DE3F970086D936 /* tp_transport_base@2x.png */ = {isa = PBXFileReference; lastKnownFileType = image.png; path = "tp_transport_base@2x.png"; sourceTree = "<group>"; };
		2655873A17E0D0170086D936 /* pb_ap_button_background.png */ = {isa = PBXFileReference; lastKnownFileType = image.png; path = pb_ap_button_background.png; sourceTree = "<group>"; };
		2655873B17E0D0170086D936 /* pb_ap_button_background@2x.png */ = {isa = PBXFileReference; lastKnownFileType = image.png; path = "pb_ap_button_background@2x.png"; sourceTree = "<group>"; };
		2655873C17E0D0170086D936 /* pb_charlie_button_background.png */ = {isa = PBXFileReference; lastKnownFileType = image.png; path = pb_charlie_button_background.png; sourceTree = "<group>"; };
		2655873D17E0D0170086D936 /* pb_charlie_button_background@2x.png */ = {isa = PBXFileReference; lastKnownFileType = image.png; path = "pb_charlie_button_background@2x.png"; sourceTree = "<group>"; };
		2655873E17E0D0170086D936 /* pb_play_icon.png */ = {isa = PBXFileReference; lastKnownFileType = image.png; path = pb_play_icon.png; sourceTree = "<group>"; };
		2655873F17E0D0170086D936 /* pb_play_icon@2x.png */ = {isa = PBXFileReference; lastKnownFileType = image.png; path = "pb_play_icon@2x.png"; sourceTree = "<group>"; };
		2655874617E0D0910086D936 /* MediaPlayer.framework */ = {isa = PBXFileReference; lastKnownFileType = wrapper.framework; name = MediaPlayer.framework; path = System/Library/Frameworks/MediaPlayer.framework; sourceTree = SDKROOT; };
		2672147217D2261500B89FB0 /* TemplateMainViewController.h */ = {isa = PBXFileReference; fileEncoding = 4; lastKnownFileType = sourcecode.c.h; path = TemplateMainViewController.h; sourceTree = "<group>"; };
		2672147317D2261500B89FB0 /* TemplateMainViewController.m */ = {isa = PBXFileReference; fileEncoding = 4; lastKnownFileType = sourcecode.c.objc; path = TemplateMainViewController.m; sourceTree = "<group>"; };
		267607E817D7542100FEC5C3 /* TemplateCVCell.h */ = {isa = PBXFileReference; fileEncoding = 4; lastKnownFileType = sourcecode.c.h; path = TemplateCVCell.h; sourceTree = "<group>"; };
		267607E917D7542100FEC5C3 /* TemplateCVCell.m */ = {isa = PBXFileReference; fileEncoding = 4; lastKnownFileType = sourcecode.c.objc; path = TemplateCVCell.m; sourceTree = "<group>"; };
		267607EB17DB51B200FEC5C3 /* AVFoundation.framework */ = {isa = PBXFileReference; lastKnownFileType = wrapper.framework; name = AVFoundation.framework; path = System/Library/Frameworks/AVFoundation.framework; sourceTree = SDKROOT; };
		F163101817DFCD6700A2F361 /* BT_meeting_gone_wrong.mp4 */ = {isa = PBXFileReference; lastKnownFileType = file; name = BT_meeting_gone_wrong.mp4; path = Model/TemplateLoader/Resources/BT_meeting_gone_wrong.mp4; sourceTree = "<group>"; };
		F163101917DFCD6700A2F361 /* BT_meeting_gone_wrong.png */ = {isa = PBXFileReference; lastKnownFileType = image.png; name = BT_meeting_gone_wrong.png; path = Model/TemplateLoader/Resources/BT_meeting_gone_wrong.png; sourceTree = "<group>"; };
		F163101A17DFCD6700A2F361 /* Family_Guy_Wrong_Meeting.mp4 */ = {isa = PBXFileReference; lastKnownFileType = file; name = Family_Guy_Wrong_Meeting.mp4; path = Model/TemplateLoader/Resources/Family_Guy_Wrong_Meeting.mp4; sourceTree = "<group>"; };
		F163101B17DFCD6700A2F361 /* Family_Guy_Wrong_Meeting.png */ = {isa = PBXFileReference; lastKnownFileType = image.png; name = Family_Guy_Wrong_Meeting.png; path = Model/TemplateLoader/Resources/Family_Guy_Wrong_Meeting.png; sourceTree = "<group>"; };
		F163101C17DFCD6700A2F361 /* I_am_yor_father-Tomer.mp4 */ = {isa = PBXFileReference; lastKnownFileType = file; name = "I_am_yor_father-Tomer.mp4"; path = "Model/TemplateLoader/Resources/I_am_yor_father-Tomer.mp4"; sourceTree = "<group>"; };
		F163101D17DFCD6700A2F361 /* I_am_yor_father-Tomer.png */ = {isa = PBXFileReference; lastKnownFileType = image.png; name = "I_am_yor_father-Tomer.png"; path = "Model/TemplateLoader/Resources/I_am_yor_father-Tomer.png"; sourceTree = "<group>"; };
		F163101E17DFCD6700A2F361 /* Remakes.csv */ = {isa = PBXFileReference; fileEncoding = 4; lastKnownFileType = text; name = Remakes.csv; path = Model/TemplateLoader/Resources/Remakes.csv; sourceTree = "<group>"; };
		F19123CB17DE0C8900DE85DB /* CHCSVParser.h */ = {isa = PBXFileReference; fileEncoding = 4; lastKnownFileType = sourcecode.c.h; name = CHCSVParser.h; path = Model/TemplateLoader/CSVParser/CHCSVParser.h; sourceTree = "<group>"; };
		F19123CC17DE0C8900DE85DB /* CHCSVParser.m */ = {isa = PBXFileReference; fileEncoding = 4; lastKnownFileType = sourcecode.c.objc; name = CHCSVParser.m; path = Model/TemplateLoader/CSVParser/CHCSVParser.m; sourceTree = "<group>"; };
		F19123D117DE140D00DE85DB /* Homage_Tikim.mp4 */ = {isa = PBXFileReference; lastKnownFileType = file; name = Homage_Tikim.mp4; path = Model/TemplateLoader/Resources/Homage_Tikim.mp4; sourceTree = "<group>"; };
		F19123D217DE140D00DE85DB /* Homage_Tikim.png */ = {isa = PBXFileReference; lastKnownFileType = image.png; name = Homage_Tikim.png; path = Model/TemplateLoader/Resources/Homage_Tikim.png; sourceTree = "<group>"; };
		F19123D317DE140D00DE85DB /* I_am_yor_father-Ran.mp4 */ = {isa = PBXFileReference; lastKnownFileType = file; name = "I_am_yor_father-Ran.mp4"; path = "Model/TemplateLoader/Resources/I_am_yor_father-Ran.mp4"; sourceTree = "<group>"; };
		F19123D417DE140D00DE85DB /* I_am_yor_father-Ran.png */ = {isa = PBXFileReference; lastKnownFileType = image.png; name = "I_am_yor_father-Ran.png"; path = "Model/TemplateLoader/Resources/I_am_yor_father-Ran.png"; sourceTree = "<group>"; };
		F19123D517DE140D00DE85DB /* Templates.csv */ = {isa = PBXFileReference; fileEncoding = 4; lastKnownFileType = text; name = Templates.csv; path = Model/TemplateLoader/Resources/Templates.csv; sourceTree = "<group>"; };
		F19123D617DE140D00DE85DB /* Wrong_meeting.mp4 */ = {isa = PBXFileReference; lastKnownFileType = file; name = Wrong_meeting.mp4; path = Model/TemplateLoader/Resources/Wrong_meeting.mp4; sourceTree = "<group>"; };
		F19123D717DE140D00DE85DB /* wrong_meeting.png */ = {isa = PBXFileReference; lastKnownFileType = image.png; name = wrong_meeting.png; path = Model/TemplateLoader/Resources/wrong_meeting.png; sourceTree = "<group>"; };
		F19123DF17DE157100DE85DB /* HMGTemplateCSVLoader.h */ = {isa = PBXFileReference; fileEncoding = 4; lastKnownFileType = sourcecode.c.h; name = HMGTemplateCSVLoader.h; path = Model/TemplateLoader/HMGTemplateCSVLoader.h; sourceTree = "<group>"; };
		F19123E017DE157100DE85DB /* HMGTemplateCSVLoader.m */ = {isa = PBXFileReference; fileEncoding = 4; lastKnownFileType = sourcecode.c.objc; name = HMGTemplateCSVLoader.m; path = Model/TemplateLoader/HMGTemplateCSVLoader.m; sourceTree = "<group>"; };
		F19123E217DE7EB800DE85DB /* TemplateCSVLoaderTests.h */ = {isa = PBXFileReference; fileEncoding = 4; lastKnownFileType = sourcecode.c.h; path = TemplateCSVLoaderTests.h; sourceTree = "<group>"; };
		F19123E317DE7EB800DE85DB /* TemplateCSVLoaderTests.m */ = {isa = PBXFileReference; fileEncoding = 4; lastKnownFileType = sourcecode.c.objc; path = TemplateCSVLoaderTests.m; sourceTree = "<group>"; };
		F1C8EEC717CF38420093DB0A /* HomagePrototype.app */ = {isa = PBXFileReference; explicitFileType = wrapper.application; includeInIndex = 0; path = HomagePrototype.app; sourceTree = BUILT_PRODUCTS_DIR; };
		F1C8EECA17CF38420093DB0A /* UIKit.framework */ = {isa = PBXFileReference; lastKnownFileType = wrapper.framework; name = UIKit.framework; path = System/Library/Frameworks/UIKit.framework; sourceTree = SDKROOT; };
		F1C8EECC17CF38420093DB0A /* Foundation.framework */ = {isa = PBXFileReference; lastKnownFileType = wrapper.framework; name = Foundation.framework; path = System/Library/Frameworks/Foundation.framework; sourceTree = SDKROOT; };
		F1C8EECE17CF38420093DB0A /* CoreGraphics.framework */ = {isa = PBXFileReference; lastKnownFileType = wrapper.framework; name = CoreGraphics.framework; path = System/Library/Frameworks/CoreGraphics.framework; sourceTree = SDKROOT; };
		F1C8EED217CF38420093DB0A /* HomagePrototype-Info.plist */ = {isa = PBXFileReference; lastKnownFileType = text.plist.xml; path = "HomagePrototype-Info.plist"; sourceTree = "<group>"; };
		F1C8EED417CF38420093DB0A /* en */ = {isa = PBXFileReference; lastKnownFileType = text.plist.strings; name = en; path = en.lproj/InfoPlist.strings; sourceTree = "<group>"; };
		F1C8EED617CF38420093DB0A /* main.m */ = {isa = PBXFileReference; lastKnownFileType = sourcecode.c.objc; path = main.m; sourceTree = "<group>"; };
		F1C8EED817CF38420093DB0A /* HomagePrototype-Prefix.pch */ = {isa = PBXFileReference; lastKnownFileType = sourcecode.c.h; path = "HomagePrototype-Prefix.pch"; sourceTree = "<group>"; };
		F1C8EED917CF38420093DB0A /* HomageAppDelegate.h */ = {isa = PBXFileReference; lastKnownFileType = sourcecode.c.h; path = HomageAppDelegate.h; sourceTree = "<group>"; };
		F1C8EEDA17CF38420093DB0A /* HomageAppDelegate.m */ = {isa = PBXFileReference; lastKnownFileType = sourcecode.c.objc; path = HomageAppDelegate.m; sourceTree = "<group>"; };
		F1C8EEDC17CF38420093DB0A /* Default.png */ = {isa = PBXFileReference; lastKnownFileType = image.png; path = Default.png; sourceTree = "<group>"; };
		F1C8EEDE17CF38420093DB0A /* Default@2x.png */ = {isa = PBXFileReference; lastKnownFileType = image.png; path = "Default@2x.png"; sourceTree = "<group>"; };
		F1C8EEE017CF38420093DB0A /* Default-568h@2x.png */ = {isa = PBXFileReference; lastKnownFileType = image.png; path = "Default-568h@2x.png"; sourceTree = "<group>"; };
		F1C8EEE317CF38420093DB0A /* en */ = {isa = PBXFileReference; lastKnownFileType = file.storyboard; name = en; path = en.lproj/MainStoryboard.storyboard; sourceTree = "<group>"; };
		F1C8EEE517CF38420093DB0A /* HomageViewController.h */ = {isa = PBXFileReference; lastKnownFileType = sourcecode.c.h; path = HomageViewController.h; sourceTree = "<group>"; };
		F1C8EEE617CF38420093DB0A /* HomageViewController.m */ = {isa = PBXFileReference; lastKnownFileType = sourcecode.c.objc; path = HomageViewController.m; sourceTree = "<group>"; };
		F1C8EEED17CF38420093DB0A /* HomagePrototypeTests.octest */ = {isa = PBXFileReference; explicitFileType = wrapper.cfbundle; includeInIndex = 0; name = HomagePrototypeTests.octest; path = HomagePrototypeApplicationTests.octest; sourceTree = BUILT_PRODUCTS_DIR; };
		F1C8EEEE17CF38420093DB0A /* SenTestingKit.framework */ = {isa = PBXFileReference; lastKnownFileType = wrapper.framework; name = SenTestingKit.framework; path = Library/Frameworks/SenTestingKit.framework; sourceTree = DEVELOPER_DIR; };
		F1C8EEF617CF38420093DB0A /* HomagePrototypeTests-Info.plist */ = {isa = PBXFileReference; lastKnownFileType = text.plist.xml; path = "HomagePrototypeTests-Info.plist"; sourceTree = "<group>"; };
		F1C8EEF817CF38420093DB0A /* en */ = {isa = PBXFileReference; lastKnownFileType = text.plist.strings; name = en; path = en.lproj/InfoPlist.strings; sourceTree = "<group>"; };
		F1C8EEFA17CF38420093DB0A /* HomagePrototypeTests.h */ = {isa = PBXFileReference; lastKnownFileType = sourcecode.c.h; path = HomagePrototypeTests.h; sourceTree = "<group>"; };
		F1C8EEFB17CF38420093DB0A /* HomagePrototypeTests.m */ = {isa = PBXFileReference; lastKnownFileType = sourcecode.c.objc; path = HomagePrototypeTests.m; sourceTree = "<group>"; };
		F1C8EF0517CF3A230093DB0A /* HMGTemplate.h */ = {isa = PBXFileReference; fileEncoding = 4; lastKnownFileType = sourcecode.c.h; name = HMGTemplate.h; path = Model/HMGTemplate.h; sourceTree = "<group>"; };
		F1C8EF0617CF3A230093DB0A /* HMGTemplate.m */ = {isa = PBXFileReference; fileEncoding = 4; lastKnownFileType = sourcecode.c.objc; name = HMGTemplate.m; path = Model/HMGTemplate.m; sourceTree = "<group>"; };
		F1C8EF0917CF3ADC0093DB0A /* HMGRemake.h */ = {isa = PBXFileReference; fileEncoding = 4; lastKnownFileType = sourcecode.c.h; name = HMGRemake.h; path = Model/HMGRemake.h; sourceTree = "<group>"; };
		F1C8EF0A17CF3ADC0093DB0A /* HMGRemake.m */ = {isa = PBXFileReference; fileEncoding = 4; lastKnownFileType = sourcecode.c.objc; name = HMGRemake.m; path = Model/HMGRemake.m; sourceTree = "<group>"; };
		F1C8EF0C17CF40280093DB0A /* HMGTemplateIterator.h */ = {isa = PBXFileReference; fileEncoding = 4; lastKnownFileType = sourcecode.c.h; name = HMGTemplateIterator.h; path = Model/HMGTemplateIterator.h; sourceTree = "<group>"; };
		F1C8EF0D17CF40280093DB0A /* HMGTemplateIterator.m */ = {isa = PBXFileReference; fileEncoding = 4; lastKnownFileType = sourcecode.c.objc; name = HMGTemplateIterator.m; path = Model/HMGTemplateIterator.m; sourceTree = "<group>"; };
		F1CBC47517E4958700167772 /* finish.mov */ = {isa = PBXFileReference; lastKnownFileType = video.quicktime; name = finish.mov; path = Model/TemplateLoader/Resources/finish.mov; sourceTree = "<group>"; };
		F1CBC47717E495DE00167772 /* he_told_me_enough.mov */ = {isa = PBXFileReference; lastKnownFileType = video.quicktime; name = he_told_me_enough.mov; path = Model/TemplateLoader/Resources/he_told_me_enough.mov; sourceTree = "<group>"; };
		F1D42E8917D4915F00802D7C /* HomagePrototypeLogicTests.octest */ = {isa = PBXFileReference; explicitFileType = wrapper.cfbundle; includeInIndex = 0; path = HomagePrototypeLogicTests.octest; sourceTree = BUILT_PRODUCTS_DIR; };
		F1D42E8F17D4915F00802D7C /* HomagePrototypeLogicTests-Info.plist */ = {isa = PBXFileReference; lastKnownFileType = text.plist.xml; path = "HomagePrototypeLogicTests-Info.plist"; sourceTree = "<group>"; };
		F1D42E9117D4915F00802D7C /* en */ = {isa = PBXFileReference; lastKnownFileType = text.plist.strings; name = en; path = en.lproj/InfoPlist.strings; sourceTree = "<group>"; };
		F1D42E9617D4915F00802D7C /* HomagePrototypeLogicTests-Prefix.pch */ = {isa = PBXFileReference; lastKnownFileType = sourcecode.c.h; path = "HomagePrototypeLogicTests-Prefix.pch"; sourceTree = "<group>"; };
		F1D42E9A17D4BDF700802D7C /* TemplatesIteratorTests.h */ = {isa = PBXFileReference; fileEncoding = 4; lastKnownFileType = sourcecode.c.h; path = TemplatesIteratorTests.h; sourceTree = "<group>"; };
		F1D42E9B17D4BDF700802D7C /* TemplatesIteratorTests.m */ = {isa = PBXFileReference; fileEncoding = 4; lastKnownFileType = sourcecode.c.objc; path = TemplatesIteratorTests.m; sourceTree = "<group>"; };
		F1E4AD5917E4923800FDBC5A /* falling.mov */ = {isa = PBXFileReference; lastKnownFileType = video.quicktime; name = falling.mov; path = Model/TemplateLoader/Resources/falling.mov; sourceTree = "<group>"; };
		F1F04AE717E1AEBD00720C5C /* CoreMedia.framework */ = {isa = PBXFileReference; lastKnownFileType = wrapper.framework; name = CoreMedia.framework; path = System/Library/Frameworks/CoreMedia.framework; sourceTree = SDKROOT; };
		F1F04AE917E1AFF500720C5C /* HMGVideoSegment.h */ = {isa = PBXFileReference; fileEncoding = 4; lastKnownFileType = sourcecode.c.h; name = HMGVideoSegment.h; path = Model/HMGVideoSegment.h; sourceTree = "<group>"; };
		F1F04AEA17E1AFF500720C5C /* HMGVideoSegment.m */ = {isa = PBXFileReference; fileEncoding = 4; lastKnownFileType = sourcecode.c.objc; name = HMGVideoSegment.m; path = Model/HMGVideoSegment.m; sourceTree = "<group>"; };
		F1F04AEC17E1B02600720C5C /* HMGSegment.h */ = {isa = PBXFileReference; fileEncoding = 4; lastKnownFileType = sourcecode.c.h; name = HMGSegment.h; path = Model/HMGSegment.h; sourceTree = "<group>"; };
		F1F04AED17E1B02600720C5C /* HMGSegment.m */ = {isa = PBXFileReference; fileEncoding = 4; lastKnownFileType = sourcecode.c.objc; name = HMGSegment.m; path = Model/HMGSegment.m; sourceTree = "<group>"; };
		F1F04AEF17E1B13800720C5C /* HMGImageSegment.h */ = {isa = PBXFileReference; fileEncoding = 4; lastKnownFileType = sourcecode.c.h; name = HMGImageSegment.h; path = Model/HMGImageSegment.h; sourceTree = "<group>"; };
		F1F04AF017E1B13800720C5C /* HMGImageSegment.m */ = {isa = PBXFileReference; fileEncoding = 4; lastKnownFileType = sourcecode.c.objc; name = HMGImageSegment.m; path = Model/HMGImageSegment.m; sourceTree = "<group>"; };
		F1F04AF217E1B36F00720C5C /* HMGTextSegment.h */ = {isa = PBXFileReference; fileEncoding = 4; lastKnownFileType = sourcecode.c.h; name = HMGTextSegment.h; path = Model/HMGTextSegment.h; sourceTree = "<group>"; };
		F1F04AF317E1B36F00720C5C /* HMGTextSegment.m */ = {isa = PBXFileReference; fileEncoding = 4; lastKnownFileType = sourcecode.c.objc; name = HMGTextSegment.m; path = Model/HMGTextSegment.m; sourceTree = "<group>"; };
		F1F04AF517E1B39700720C5C /* HMGFixedSegment.h */ = {isa = PBXFileReference; fileEncoding = 4; lastKnownFileType = sourcecode.c.h; name = HMGFixedSegment.h; path = Model/HMGFixedSegment.h; sourceTree = "<group>"; };
		F1F04AF617E1B39700720C5C /* HMGFixedSegment.m */ = {isa = PBXFileReference; fileEncoding = 4; lastKnownFileType = sourcecode.c.objc; name = HMGFixedSegment.m; path = Model/HMGFixedSegment.m; sourceTree = "<group>"; };
		F1F04B0017E47F9800720C5C /* ImageSegments.csv */ = {isa = PBXFileReference; fileEncoding = 4; lastKnownFileType = text; name = ImageSegments.csv; path = Model/TemplateLoader/Resources/ImageSegments.csv; sourceTree = "<group>"; };
		F1F04B0117E47F9800720C5C /* Segments.csv */ = {isa = PBXFileReference; fileEncoding = 4; lastKnownFileType = text; name = Segments.csv; path = Model/TemplateLoader/Resources/Segments.csv; sourceTree = "<group>"; };
		F1F04B0217E47F9800720C5C /* TextSegments.csv */ = {isa = PBXFileReference; fileEncoding = 4; lastKnownFileType = text; name = TextSegments.csv; path = Model/TemplateLoader/Resources/TextSegments.csv; sourceTree = "<group>"; };
		F1F04B0317E47F9800720C5C /* VideoSegments.csv */ = {isa = PBXFileReference; fileEncoding = 4; lastKnownFileType = text; name = VideoSegments.csv; path = Model/TemplateLoader/Resources/VideoSegments.csv; sourceTree = "<group>"; };
		F1F04B1117E48EFB00720C5C /* falling.PNG */ = {isa = PBXFileReference; lastKnownFileType = image.png; name = falling.PNG; path = Model/TemplateLoader/Resources/falling.PNG; sourceTree = "<group>"; };
		F1F04B1317E48EFB00720C5C /* finish.PNG */ = {isa = PBXFileReference; lastKnownFileType = image.png; name = finish.PNG; path = Model/TemplateLoader/Resources/finish.PNG; sourceTree = "<group>"; };
		F1F04B1517E48EFB00720C5C /* he_told_me_enough.PNG */ = {isa = PBXFileReference; lastKnownFileType = image.png; name = he_told_me_enough.PNG; path = Model/TemplateLoader/Resources/he_told_me_enough.PNG; sourceTree = "<group>"; };
		F1F04B1617E48EFB00720C5C /* legs.mov */ = {isa = PBXFileReference; lastKnownFileType = video.quicktime; name = legs.mov; path = Model/TemplateLoader/Resources/legs.mov; sourceTree = "<group>"; };
		F1F04B1717E48EFB00720C5C /* legs.png */ = {isa = PBXFileReference; lastKnownFileType = image.png; name = legs.png; path = Model/TemplateLoader/Resources/legs.png; sourceTree = "<group>"; };
		F1F04B1817E48EFB00720C5C /* letting_go.mov */ = {isa = PBXFileReference; lastKnownFileType = video.quicktime; name = letting_go.mov; path = Model/TemplateLoader/Resources/letting_go.mov; sourceTree = "<group>"; };
		F1F04B1917E48EFB00720C5C /* letting_go.PNG */ = {isa = PBXFileReference; lastKnownFileType = image.png; name = letting_go.PNG; path = Model/TemplateLoader/Resources/letting_go.PNG; sourceTree = "<group>"; };
		F1F04B1A17E48EFB00720C5C /* Neta_juice.mov */ = {isa = PBXFileReference; lastKnownFileType = video.quicktime; name = Neta_juice.mov; path = Model/TemplateLoader/Resources/Neta_juice.mov; sourceTree = "<group>"; };
		F1F04B1B17E48EFB00720C5C /* Neta_juice.PNG */ = {isa = PBXFileReference; lastKnownFileType = image.png; name = Neta_juice.PNG; path = Model/TemplateLoader/Resources/Neta_juice.PNG; sourceTree = "<group>"; };
		F1F04B1C17E48EFB00720C5C /* never_join_you.mov */ = {isa = PBXFileReference; lastKnownFileType = video.quicktime; name = never_join_you.mov; path = Model/TemplateLoader/Resources/never_join_you.mov; sourceTree = "<group>"; };
		F1F04B1D17E48EFB00720C5C /* never_join_you.PNG */ = {isa = PBXFileReference; lastKnownFileType = image.png; name = never_join_you.PNG; path = Model/TemplateLoader/Resources/never_join_you.PNG; sourceTree = "<group>"; };
		F1F04B1E17E48EFB00720C5C /* Race_Start.mov */ = {isa = PBXFileReference; lastKnownFileType = video.quicktime; name = Race_Start.mov; path = Model/TemplateLoader/Resources/Race_Start.mov; sourceTree = "<group>"; };
		F1F04B1F17E48EFB00720C5C /* Race_Start.PNG */ = {isa = PBXFileReference; lastKnownFileType = image.png; name = Race_Start.PNG; path = Model/TemplateLoader/Resources/Race_Start.PNG; sourceTree = "<group>"; };
		F1F04B2017E48EFB00720C5C /* Race.mov */ = {isa = PBXFileReference; lastKnownFileType = video.quicktime; name = Race.mov; path = Model/TemplateLoader/Resources/Race.mov; sourceTree = "<group>"; };
		F1F04B2117E48EFB00720C5C /* Race.PNG */ = {isa = PBXFileReference; lastKnownFileType = image.png; name = Race.PNG; path = Model/TemplateLoader/Resources/Race.PNG; sourceTree = "<group>"; };
		F1F04B2217E48EFB00720C5C /* Red.mov */ = {isa = PBXFileReference; lastKnownFileType = video.quicktime; name = Red.mov; path = Model/TemplateLoader/Resources/Red.mov; sourceTree = "<group>"; };
		F1F04B2317E48EFB00720C5C /* Tikim_Images.mp4 */ = {isa = PBXFileReference; lastKnownFileType = file; name = Tikim_Images.mp4; path = Model/TemplateLoader/Resources/Tikim_Images.mp4; sourceTree = "<group>"; };
		F1F04B2417E48EFB00720C5C /* Tikim_Images.png */ = {isa = PBXFileReference; lastKnownFileType = image.png; name = Tikim_Images.png; path = Model/TemplateLoader/Resources/Tikim_Images.png; sourceTree = "<group>"; };
		F1F04B2517E48EFB00720C5C /* Tikim_Text.mp4 */ = {isa = PBXFileReference; lastKnownFileType = file; name = Tikim_Text.mp4; path = Model/TemplateLoader/Resources/Tikim_Text.mp4; sourceTree = "<group>"; };
		F1F04B2617E48EFB00720C5C /* Tikim_Text.png */ = {isa = PBXFileReference; lastKnownFileType = image.png; name = Tikim_Text.png; path = Model/TemplateLoader/Resources/Tikim_Text.png; sourceTree = "<group>"; };
/* End PBXFileReference section */

/* Begin PBXFrameworksBuildPhase section */
		F1C8EEC417CF38420093DB0A /* Frameworks */ = {
			isa = PBXFrameworksBuildPhase;
			buildActionMask = 2147483647;
			files = (
				F1F04AE817E1AEBD00720C5C /* CoreMedia.framework in Frameworks */,
				2655874717E0D0910086D936 /* MediaPlayer.framework in Frameworks */,
				267607EC17DB51B200FEC5C3 /* AVFoundation.framework in Frameworks */,
				F1C8EECB17CF38420093DB0A /* UIKit.framework in Frameworks */,
				F1C8EECD17CF38420093DB0A /* Foundation.framework in Frameworks */,
				F1C8EECF17CF38420093DB0A /* CoreGraphics.framework in Frameworks */,
			);
			runOnlyForDeploymentPostprocessing = 0;
		};
		F1C8EEE917CF38420093DB0A /* Frameworks */ = {
			isa = PBXFrameworksBuildPhase;
			buildActionMask = 2147483647;
			files = (
				F1C8EEEF17CF38420093DB0A /* SenTestingKit.framework in Frameworks */,
				F1C8EEF017CF38420093DB0A /* UIKit.framework in Frameworks */,
				F1C8EEF117CF38420093DB0A /* Foundation.framework in Frameworks */,
			);
			runOnlyForDeploymentPostprocessing = 0;
		};
		F1D42E8517D4915F00802D7C /* Frameworks */ = {
			isa = PBXFrameworksBuildPhase;
			buildActionMask = 2147483647;
			files = (
				F1F04B0F17E4890D00720C5C /* CoreMedia.framework in Frameworks */,
				F1D42E8A17D4915F00802D7C /* SenTestingKit.framework in Frameworks */,
				F1D42E8B17D4915F00802D7C /* UIKit.framework in Frameworks */,
				F1D42E8C17D4915F00802D7C /* Foundation.framework in Frameworks */,
			);
			runOnlyForDeploymentPostprocessing = 0;
		};
/* End PBXFrameworksBuildPhase section */

/* Begin PBXGroup section */
		F19123CE17DE0C9300DE85DB /* TemplateLoader */ = {
			isa = PBXGroup;
			children = (
				F19123D017DE13EE00DE85DB /* Resources */,
				F19123CF17DE0CA200DE85DB /* CSVParser */,
				F19123DF17DE157100DE85DB /* HMGTemplateCSVLoader.h */,
				F19123E017DE157100DE85DB /* HMGTemplateCSVLoader.m */,
			);
			name = TemplateLoader;
			sourceTree = "<group>";
		};
		F19123CF17DE0CA200DE85DB /* CSVParser */ = {
			isa = PBXGroup;
			children = (
				F19123CB17DE0C8900DE85DB /* CHCSVParser.h */,
				F19123CC17DE0C8900DE85DB /* CHCSVParser.m */,
			);
			name = CSVParser;
			sourceTree = "<group>";
		};
		F19123D017DE13EE00DE85DB /* Resources */ = {
			isa = PBXGroup;
			children = (
				F1CBC47717E495DE00167772 /* he_told_me_enough.mov */,
				F1CBC47517E4958700167772 /* finish.mov */,
				F1E4AD5917E4923800FDBC5A /* falling.mov */,
				F1F04B1117E48EFB00720C5C /* falling.PNG */,
				F1F04B1317E48EFB00720C5C /* finish.PNG */,
				F1F04B1517E48EFB00720C5C /* he_told_me_enough.PNG */,
				F1F04B1617E48EFB00720C5C /* legs.mov */,
				F1F04B1717E48EFB00720C5C /* legs.png */,
				F1F04B1817E48EFB00720C5C /* letting_go.mov */,
				F1F04B1917E48EFB00720C5C /* letting_go.PNG */,
				F1F04B1A17E48EFB00720C5C /* Neta_juice.mov */,
				F1F04B1B17E48EFB00720C5C /* Neta_juice.PNG */,
				F1F04B1C17E48EFB00720C5C /* never_join_you.mov */,
				F1F04B1D17E48EFB00720C5C /* never_join_you.PNG */,
				F1F04B1E17E48EFB00720C5C /* Race_Start.mov */,
				F1F04B1F17E48EFB00720C5C /* Race_Start.PNG */,
				F1F04B2017E48EFB00720C5C /* Race.mov */,
				F1F04B2117E48EFB00720C5C /* Race.PNG */,
				F1F04B2217E48EFB00720C5C /* Red.mov */,
				F1F04B2317E48EFB00720C5C /* Tikim_Images.mp4 */,
				F1F04B2417E48EFB00720C5C /* Tikim_Images.png */,
				F1F04B2517E48EFB00720C5C /* Tikim_Text.mp4 */,
				F1F04B2617E48EFB00720C5C /* Tikim_Text.png */,
				F1F04B0017E47F9800720C5C /* ImageSegments.csv */,
				F1F04B0117E47F9800720C5C /* Segments.csv */,
				F1F04B0217E47F9800720C5C /* TextSegments.csv */,
				F1F04B0317E47F9800720C5C /* VideoSegments.csv */,
				F163101817DFCD6700A2F361 /* BT_meeting_gone_wrong.mp4 */,
				F163101917DFCD6700A2F361 /* BT_meeting_gone_wrong.png */,
				F163101A17DFCD6700A2F361 /* Family_Guy_Wrong_Meeting.mp4 */,
				F163101B17DFCD6700A2F361 /* Family_Guy_Wrong_Meeting.png */,
				F163101C17DFCD6700A2F361 /* I_am_yor_father-Tomer.mp4 */,
				F163101D17DFCD6700A2F361 /* I_am_yor_father-Tomer.png */,
				F163101E17DFCD6700A2F361 /* Remakes.csv */,
				F19123D117DE140D00DE85DB /* Homage_Tikim.mp4 */,
				F19123D217DE140D00DE85DB /* Homage_Tikim.png */,
				F19123D317DE140D00DE85DB /* I_am_yor_father-Ran.mp4 */,
				F19123D417DE140D00DE85DB /* I_am_yor_father-Ran.png */,
				F19123D517DE140D00DE85DB /* Templates.csv */,
				F19123D617DE140D00DE85DB /* Wrong_meeting.mp4 */,
				F19123D717DE140D00DE85DB /* wrong_meeting.png */,
			);
			name = Resources;
			sourceTree = "<group>";
		};
		F1C8EEBE17CF38420093DB0A = {
			isa = PBXGroup;
			children = (
				F1C8EED017CF38420093DB0A /* HomagePrototype */,
				F1C8EEF417CF38420093DB0A /* HomagePrototypeApplicationTests */,
				F1D42E8D17D4915F00802D7C /* HomagePrototypeLogicTests */,
				F1C8EEC917CF38420093DB0A /* Frameworks */,
				F1C8EEC817CF38420093DB0A /* Products */,
			);
			sourceTree = "<group>";
		};
		F1C8EEC817CF38420093DB0A /* Products */ = {
			isa = PBXGroup;
			children = (
				F1C8EEC717CF38420093DB0A /* HomagePrototype.app */,
				F1C8EEED17CF38420093DB0A /* HomagePrototypeTests.octest */,
				F1D42E8917D4915F00802D7C /* HomagePrototypeLogicTests.octest */,
			);
			name = Products;
			sourceTree = "<group>";
		};
		F1C8EEC917CF38420093DB0A /* Frameworks */ = {
			isa = PBXGroup;
			children = (
				2655874617E0D0910086D936 /* MediaPlayer.framework */,
				F1F04AE717E1AEBD00720C5C /* CoreMedia.framework */,
				267607EB17DB51B200FEC5C3 /* AVFoundation.framework */,
				F1C8EECA17CF38420093DB0A /* UIKit.framework */,
				F1C8EECC17CF38420093DB0A /* Foundation.framework */,
				F1C8EECE17CF38420093DB0A /* CoreGraphics.framework */,
				F1C8EEEE17CF38420093DB0A /* SenTestingKit.framework */,
			);
			name = Frameworks;
			sourceTree = "<group>";
		};
		F1C8EED017CF38420093DB0A /* HomagePrototype */ = {
			isa = PBXGroup;
			children = (
				267607E817D7542100FEC5C3 /* TemplateCVCell.h */,
				267607E917D7542100FEC5C3 /* TemplateCVCell.m */,
				F1C8EEE217CF38420093DB0A /* MainStoryboard.storyboard */,
				2672147217D2261500B89FB0 /* TemplateMainViewController.h */,
				2672147317D2261500B89FB0 /* TemplateMainViewController.m */,
				F1C8EEE517CF38420093DB0A /* HomageViewController.h */,
				F1C8EEE617CF38420093DB0A /* HomageViewController.m */,
				F1C8EF0817CF3A310093DB0A /* Model */,
				F1C8EED117CF38420093DB0A /* Supporting Files */,
			);
			path = HomagePrototype;
			sourceTree = "<group>";
		};
		F1C8EED117CF38420093DB0A /* Supporting Files */ = {
			isa = PBXGroup;
			children = (
				2655873A17E0D0170086D936 /* pb_ap_button_background.png */,
				2655873B17E0D0170086D936 /* pb_ap_button_background@2x.png */,
				2655873C17E0D0170086D936 /* pb_charlie_button_background.png */,
				2655873D17E0D0170086D936 /* pb_charlie_button_background@2x.png */,
				2655873E17E0D0170086D936 /* pb_play_icon.png */,
				2655873F17E0D0170086D936 /* pb_play_icon@2x.png */,
				2655871A17DE3F970086D936 /* tp_info_popup.png */,
				2655871B17DE3F970086D936 /* tp_info_popup@2x.png */,
				2655871C17DE3F970086D936 /* tp_pause_button.png */,
				2655871D17DE3F970086D936 /* tp_pause_button@2x.png */,
				2655871E17DE3F970086D936 /* tp_play_button.png */,
				2655871F17DE3F970086D936 /* tp_play_button@2x.png */,
				2655872017DE3F970086D936 /* tp_scrubber_knob_highlighted.png */,
				2655872117DE3F970086D936 /* tp_scrubber_knob_highlighted@2x.png */,
				2655872217DE3F970086D936 /* tp_scrubber_knob.png */,
				2655872317DE3F970086D936 /* tp_scrubber_knob@2x.png */,
				2655872417DE3F970086D936 /* tp_track_flex.png */,
				2655872517DE3F970086D936 /* tp_track_flex@2x.png */,
				2655872617DE3F970086D936 /* tp_track_highlight_flex.png */,
				2655872717DE3F970086D936 /* tp_track_highlight_flex@2x.png */,
				2655872817DE3F970086D936 /* tp_transport_base.png */,
				2655872917DE3F970086D936 /* tp_transport_base@2x.png */,
				262A2C8B17DE2CAD006D2EAA /* Screen Shot 2013-08-26 at 9.05.22 PM.png */,
				262A2C8C17DE2CAD006D2EAA /* Screen Shot 2013-08-26 at 9.09.25 PM.png */,
				262A2C8D17DE2CAD006D2EAA /* Screen Shot 2013-08-26 at 9.11.28 PM.png */,
				F1C8EED917CF38420093DB0A /* HomageAppDelegate.h */,
				F1C8EEDA17CF38420093DB0A /* HomageAppDelegate.m */,
				F1C8EED217CF38420093DB0A /* HomagePrototype-Info.plist */,
				F1C8EED317CF38420093DB0A /* InfoPlist.strings */,
				F1C8EED617CF38420093DB0A /* main.m */,
				F1C8EED817CF38420093DB0A /* HomagePrototype-Prefix.pch */,
				F1C8EEDC17CF38420093DB0A /* Default.png */,
				F1C8EEDE17CF38420093DB0A /* Default@2x.png */,
				F1C8EEE017CF38420093DB0A /* Default-568h@2x.png */,
			);
			name = "Supporting Files";
			sourceTree = "<group>";
		};
		F1C8EEF417CF38420093DB0A /* HomagePrototypeApplicationTests */ = {
			isa = PBXGroup;
			children = (
				F1C8EEFA17CF38420093DB0A /* HomagePrototypeTests.h */,
				F1C8EEFB17CF38420093DB0A /* HomagePrototypeTests.m */,
				F1C8EEF517CF38420093DB0A /* Supporting Files */,
			);
			name = HomagePrototypeApplicationTests;
			path = HomagePrototypeTests;
			sourceTree = "<group>";
		};
		F1C8EEF517CF38420093DB0A /* Supporting Files */ = {
			isa = PBXGroup;
			children = (
				F1C8EEF617CF38420093DB0A /* HomagePrototypeTests-Info.plist */,
				F1C8EEF717CF38420093DB0A /* InfoPlist.strings */,
			);
			name = "Supporting Files";
			sourceTree = "<group>";
		};
		F1C8EF0817CF3A310093DB0A /* Model */ = {
			isa = PBXGroup;
			children = (
				F19123CE17DE0C9300DE85DB /* TemplateLoader */,
				F1C8EF0517CF3A230093DB0A /* HMGTemplate.h */,
				F1C8EF0617CF3A230093DB0A /* HMGTemplate.m */,
				F1C8EF0917CF3ADC0093DB0A /* HMGRemake.h */,
				F1C8EF0A17CF3ADC0093DB0A /* HMGRemake.m */,
				F1C8EF0C17CF40280093DB0A /* HMGTemplateIterator.h */,
				F1C8EF0D17CF40280093DB0A /* HMGTemplateIterator.m */,
				F1F04AE917E1AFF500720C5C /* HMGVideoSegment.h */,
				F1F04AEA17E1AFF500720C5C /* HMGVideoSegment.m */,
				F1F04AEC17E1B02600720C5C /* HMGSegment.h */,
				F1F04AED17E1B02600720C5C /* HMGSegment.m */,
				F1F04AEF17E1B13800720C5C /* HMGImageSegment.h */,
				F1F04AF017E1B13800720C5C /* HMGImageSegment.m */,
				F1F04AF217E1B36F00720C5C /* HMGTextSegment.h */,
				F1F04AF317E1B36F00720C5C /* HMGTextSegment.m */,
				F1F04AF517E1B39700720C5C /* HMGFixedSegment.h */,
				F1F04AF617E1B39700720C5C /* HMGFixedSegment.m */,
			);
			name = Model;
			sourceTree = "<group>";
		};
		F1D42E8D17D4915F00802D7C /* HomagePrototypeLogicTests */ = {
			isa = PBXGroup;
			children = (
				F1D42E9A17D4BDF700802D7C /* TemplatesIteratorTests.h */,
				F1D42E9B17D4BDF700802D7C /* TemplatesIteratorTests.m */,
				F19123E217DE7EB800DE85DB /* TemplateCSVLoaderTests.h */,
				F19123E317DE7EB800DE85DB /* TemplateCSVLoaderTests.m */,
				F1D42E8E17D4915F00802D7C /* Supporting Files */,
			);
			path = HomagePrototypeLogicTests;
			sourceTree = "<group>";
		};
		F1D42E8E17D4915F00802D7C /* Supporting Files */ = {
			isa = PBXGroup;
			children = (
				F1D42E8F17D4915F00802D7C /* HomagePrototypeLogicTests-Info.plist */,
				F1D42E9017D4915F00802D7C /* InfoPlist.strings */,
				F1D42E9617D4915F00802D7C /* HomagePrototypeLogicTests-Prefix.pch */,
			);
			name = "Supporting Files";
			sourceTree = "<group>";
		};
/* End PBXGroup section */

/* Begin PBXNativeTarget section */
		F1C8EEC617CF38420093DB0A /* HomagePrototype */ = {
			isa = PBXNativeTarget;
			buildConfigurationList = F1C8EEFF17CF38420093DB0A /* Build configuration list for PBXNativeTarget "HomagePrototype" */;
			buildPhases = (
				F1C8EEC317CF38420093DB0A /* Sources */,
				F1C8EEC417CF38420093DB0A /* Frameworks */,
				F1C8EEC517CF38420093DB0A /* Resources */,
			);
			buildRules = (
			);
			dependencies = (
			);
			name = HomagePrototype;
			productName = HomagePrototype;
			productReference = F1C8EEC717CF38420093DB0A /* HomagePrototype.app */;
			productType = "com.apple.product-type.application";
		};
		F1C8EEEC17CF38420093DB0A /* HomagePrototypeApplicationTests */ = {
			isa = PBXNativeTarget;
			buildConfigurationList = F1C8EF0217CF38420093DB0A /* Build configuration list for PBXNativeTarget "HomagePrototypeApplicationTests" */;
			buildPhases = (
				F1C8EEE817CF38420093DB0A /* Sources */,
				F1C8EEE917CF38420093DB0A /* Frameworks */,
				F1C8EEEA17CF38420093DB0A /* Resources */,
				F1C8EEEB17CF38420093DB0A /* ShellScript */,
			);
			buildRules = (
			);
			dependencies = (
				F1C8EEF317CF38420093DB0A /* PBXTargetDependency */,
			);
			name = HomagePrototypeApplicationTests;
			productName = HomagePrototypeTests;
			productReference = F1C8EEED17CF38420093DB0A /* HomagePrototypeTests.octest */;
			productType = "com.apple.product-type.bundle";
		};
		F1D42E8817D4915F00802D7C /* HomagePrototypeLogicTests */ = {
			isa = PBXNativeTarget;
			buildConfigurationList = F1D42E9917D4915F00802D7C /* Build configuration list for PBXNativeTarget "HomagePrototypeLogicTests" */;
			buildPhases = (
				F1D42E8417D4915F00802D7C /* Sources */,
				F1D42E8517D4915F00802D7C /* Frameworks */,
				F1D42E8617D4915F00802D7C /* Resources */,
				F1D42E8717D4915F00802D7C /* ShellScript */,
			);
			buildRules = (
			);
			dependencies = (
				F1D42EA117D4CE1600802D7C /* PBXTargetDependency */,
			);
			name = HomagePrototypeLogicTests;
			productName = HomagePrototypeLogicTests;
			productReference = F1D42E8917D4915F00802D7C /* HomagePrototypeLogicTests.octest */;
			productType = "com.apple.product-type.bundle";
		};
/* End PBXNativeTarget section */

/* Begin PBXProject section */
		F1C8EEBF17CF38420093DB0A /* Project object */ = {
			isa = PBXProject;
			attributes = {
				CLASSPREFIX = Homage;
				LastUpgradeCheck = 0460;
				ORGANIZATIONNAME = Homage;
			};
			buildConfigurationList = F1C8EEC217CF38420093DB0A /* Build configuration list for PBXProject "HomagePrototype" */;
			compatibilityVersion = "Xcode 3.2";
			developmentRegion = English;
			hasScannedForEncodings = 0;
			knownRegions = (
				en,
			);
			mainGroup = F1C8EEBE17CF38420093DB0A;
			productRefGroup = F1C8EEC817CF38420093DB0A /* Products */;
			projectDirPath = "";
			projectRoot = "";
			targets = (
				F1C8EEC617CF38420093DB0A /* HomagePrototype */,
				F1C8EEEC17CF38420093DB0A /* HomagePrototypeApplicationTests */,
				F1D42E8817D4915F00802D7C /* HomagePrototypeLogicTests */,
			);
		};
/* End PBXProject section */

/* Begin PBXResourcesBuildPhase section */
		F1C8EEC517CF38420093DB0A /* Resources */ = {
			isa = PBXResourcesBuildPhase;
			buildActionMask = 2147483647;
			files = (
				F1C8EED517CF38420093DB0A /* InfoPlist.strings in Resources */,
				F1C8EEDD17CF38420093DB0A /* Default.png in Resources */,
				F1C8EEDF17CF38420093DB0A /* Default@2x.png in Resources */,
				F1C8EEE117CF38420093DB0A /* Default-568h@2x.png in Resources */,
				F1C8EEE417CF38420093DB0A /* MainStoryboard.storyboard in Resources */,
				F19123D817DE140D00DE85DB /* Homage_Tikim.mp4 in Resources */,
				F19123D917DE140D00DE85DB /* Homage_Tikim.png in Resources */,
				F19123DA17DE140D00DE85DB /* I_am_yor_father-Ran.mp4 in Resources */,
				F19123DB17DE140D00DE85DB /* I_am_yor_father-Ran.png in Resources */,
				F19123DC17DE140D00DE85DB /* Templates.csv in Resources */,
				F19123DD17DE140D00DE85DB /* Wrong_meeting.mp4 in Resources */,
				F19123DE17DE140D00DE85DB /* wrong_meeting.png in Resources */,
				262A2C8E17DE2CAD006D2EAA /* Screen Shot 2013-08-26 at 9.05.22 PM.png in Resources */,
				262A2C8F17DE2CAD006D2EAA /* Screen Shot 2013-08-26 at 9.09.25 PM.png in Resources */,
				262A2C9017DE2CAD006D2EAA /* Screen Shot 2013-08-26 at 9.11.28 PM.png in Resources */,
				2655872A17DE3F970086D936 /* tp_info_popup.png in Resources */,
				2655872B17DE3F970086D936 /* tp_info_popup@2x.png in Resources */,
				2655872C17DE3F970086D936 /* tp_pause_button.png in Resources */,
				2655872D17DE3F970086D936 /* tp_pause_button@2x.png in Resources */,
				2655872E17DE3F970086D936 /* tp_play_button.png in Resources */,
				2655872F17DE3F970086D936 /* tp_play_button@2x.png in Resources */,
				2655873017DE3F970086D936 /* tp_scrubber_knob_highlighted.png in Resources */,
				2655873117DE3F970086D936 /* tp_scrubber_knob_highlighted@2x.png in Resources */,
				2655873217DE3F970086D936 /* tp_scrubber_knob.png in Resources */,
				2655873317DE3F970086D936 /* tp_scrubber_knob@2x.png in Resources */,
				2655873417DE3F970086D936 /* tp_track_flex.png in Resources */,
				2655873517DE3F970086D936 /* tp_track_flex@2x.png in Resources */,
				2655873617DE3F970086D936 /* tp_track_highlight_flex.png in Resources */,
				2655873717DE3F970086D936 /* tp_track_highlight_flex@2x.png in Resources */,
				2655873817DE3F970086D936 /* tp_transport_base.png in Resources */,
				2655873917DE3F970086D936 /* tp_transport_base@2x.png in Resources */,
				F163101F17DFCD6700A2F361 /* BT_meeting_gone_wrong.mp4 in Resources */,
				F163102017DFCD6700A2F361 /* BT_meeting_gone_wrong.png in Resources */,
				F163102117DFCD6700A2F361 /* Family_Guy_Wrong_Meeting.mp4 in Resources */,
				F163102217DFCD6700A2F361 /* Family_Guy_Wrong_Meeting.png in Resources */,
				F163102317DFCD6700A2F361 /* I_am_yor_father-Tomer.mp4 in Resources */,
				F163102417DFCD6700A2F361 /* I_am_yor_father-Tomer.png in Resources */,
				F163102517DFCD6700A2F361 /* Remakes.csv in Resources */,
				2655874017E0D0170086D936 /* pb_ap_button_background.png in Resources */,
				2655874117E0D0170086D936 /* pb_ap_button_background@2x.png in Resources */,
				2655874217E0D0170086D936 /* pb_charlie_button_background.png in Resources */,
				2655874317E0D0170086D936 /* pb_charlie_button_background@2x.png in Resources */,
				2655874417E0D0170086D936 /* pb_play_icon.png in Resources */,
				2655874517E0D0170086D936 /* pb_play_icon@2x.png in Resources */,
				F1F04B0417E47F9800720C5C /* ImageSegments.csv in Resources */,
				F1F04B0517E47F9800720C5C /* Segments.csv in Resources */,
				F1F04B0617E47F9800720C5C /* TextSegments.csv in Resources */,
				F1F04B0717E47F9800720C5C /* VideoSegments.csv in Resources */,
				F1F04B2817E48EFB00720C5C /* falling.PNG in Resources */,
				F1F04B2A17E48EFB00720C5C /* finish.PNG in Resources */,
				F1F04B2C17E48EFB00720C5C /* he_told_me_enough.PNG in Resources */,
				F1F04B2D17E48EFB00720C5C /* legs.mov in Resources */,
				F1F04B2E17E48EFB00720C5C /* legs.png in Resources */,
				F1F04B2F17E48EFB00720C5C /* letting_go.mov in Resources */,
				F1F04B3017E48EFB00720C5C /* letting_go.PNG in Resources */,
				F1F04B3117E48EFB00720C5C /* Neta_juice.mov in Resources */,
				F1F04B3217E48EFB00720C5C /* Neta_juice.PNG in Resources */,
				F1F04B3317E48EFB00720C5C /* never_join_you.mov in Resources */,
				F1F04B3417E48EFB00720C5C /* never_join_you.PNG in Resources */,
				F1F04B3517E48EFB00720C5C /* Race_Start.mov in Resources */,
				F1F04B3617E48EFB00720C5C /* Race_Start.PNG in Resources */,
				F1F04B3717E48EFB00720C5C /* Race.mov in Resources */,
				F1F04B3817E48EFB00720C5C /* Race.PNG in Resources */,
				F1F04B3917E48EFB00720C5C /* Red.mov in Resources */,
				F1F04B3A17E48EFB00720C5C /* Tikim_Images.mp4 in Resources */,
				F1F04B3B17E48EFB00720C5C /* Tikim_Images.png in Resources */,
				F1F04B3C17E48EFB00720C5C /* Tikim_Text.mp4 in Resources */,
				F1F04B3D17E48EFB00720C5C /* Tikim_Text.png in Resources */,
				F1E4AD5C17E4923900FDBC5A /* falling.mov in Resources */,
				F1CBC47617E4958700167772 /* finish.mov in Resources */,
				F1CBC47817E495DE00167772 /* he_told_me_enough.mov in Resources */,
			);
			runOnlyForDeploymentPostprocessing = 0;
		};
		F1C8EEEA17CF38420093DB0A /* Resources */ = {
			isa = PBXResourcesBuildPhase;
			buildActionMask = 2147483647;
			files = (
				F1C8EEF917CF38420093DB0A /* InfoPlist.strings in Resources */,
			);
			runOnlyForDeploymentPostprocessing = 0;
		};
		F1D42E8617D4915F00802D7C /* Resources */ = {
			isa = PBXResourcesBuildPhase;
			buildActionMask = 2147483647;
			files = (
				F163102617DFCF5A00A2F361 /* BT_meeting_gone_wrong.mp4 in Resources */,
				F163102717DFCF5A00A2F361 /* BT_meeting_gone_wrong.png in Resources */,
				F163102817DFCF5A00A2F361 /* Family_Guy_Wrong_Meeting.mp4 in Resources */,
				F163102917DFCF5A00A2F361 /* Family_Guy_Wrong_Meeting.png in Resources */,
				F163102A17DFCF5A00A2F361 /* I_am_yor_father-Tomer.mp4 in Resources */,
				F163102B17DFCF5A00A2F361 /* I_am_yor_father-Tomer.png in Resources */,
				F163102C17DFCF5A00A2F361 /* Remakes.csv in Resources */,
				F19123E817DE8DA900DE85DB /* Homage_Tikim.mp4 in Resources */,
				F19123E917DE8DA900DE85DB /* Homage_Tikim.png in Resources */,
				F19123EA17DE8DA900DE85DB /* I_am_yor_father-Ran.mp4 in Resources */,
				F19123EB17DE8DA900DE85DB /* I_am_yor_father-Ran.png in Resources */,
				F19123EC17DE8DA900DE85DB /* Wrong_meeting.mp4 in Resources */,
				F19123ED17DE8DA900DE85DB /* wrong_meeting.png in Resources */,
				F19123E717DE871A00DE85DB /* Templates.csv in Resources */,
				F1D42E9217D4915F00802D7C /* InfoPlist.strings in Resources */,
			);
			runOnlyForDeploymentPostprocessing = 0;
		};
/* End PBXResourcesBuildPhase section */

/* Begin PBXShellScriptBuildPhase section */
		F1C8EEEB17CF38420093DB0A /* ShellScript */ = {
			isa = PBXShellScriptBuildPhase;
			buildActionMask = 2147483647;
			files = (
			);
			inputPaths = (
			);
			outputPaths = (
			);
			runOnlyForDeploymentPostprocessing = 0;
			shellPath = /bin/sh;
			shellScript = "# Run the unit tests in this test bundle.\n\"${SYSTEM_DEVELOPER_DIR}/Tools/RunUnitTests\"\n";
		};
		F1D42E8717D4915F00802D7C /* ShellScript */ = {
			isa = PBXShellScriptBuildPhase;
			buildActionMask = 2147483647;
			files = (
			);
			inputPaths = (
			);
			outputPaths = (
			);
			runOnlyForDeploymentPostprocessing = 0;
			shellPath = /bin/sh;
			shellScript = "# Run the unit tests in this test bundle.\n\"${SYSTEM_DEVELOPER_DIR}/Tools/RunUnitTests\"\n";
		};
/* End PBXShellScriptBuildPhase section */

/* Begin PBXSourcesBuildPhase section */
		F1C8EEC317CF38420093DB0A /* Sources */ = {
			isa = PBXSourcesBuildPhase;
			buildActionMask = 2147483647;
			files = (
				F1C8EED717CF38420093DB0A /* main.m in Sources */,
				F1C8EEDB17CF38420093DB0A /* HomageAppDelegate.m in Sources */,
				F1C8EEE717CF38420093DB0A /* HomageViewController.m in Sources */,
				2672147417D2261500B89FB0 /* TemplateMainViewController.m in Sources */,
				267607EA17D7542200FEC5C3 /* TemplateCVCell.m in Sources */,
				F1C8EF0717CF3A230093DB0A /* HMGTemplate.m in Sources */,
				F1C8EF0B17CF3ADC0093DB0A /* HMGRemake.m in Sources */,
				F1C8EF0E17CF40280093DB0A /* HMGTemplateIterator.m in Sources */,
				F19123CD17DE0C8900DE85DB /* CHCSVParser.m in Sources */,
				F19123E117DE157100DE85DB /* HMGTemplateCSVLoader.m in Sources */,
				F1F04AEB17E1AFF500720C5C /* HMGVideoSegment.m in Sources */,
				F1F04AEE17E1B02600720C5C /* HMGSegment.m in Sources */,
				F1F04AF117E1B13800720C5C /* HMGImageSegment.m in Sources */,
				F1F04AF417E1B36F00720C5C /* HMGTextSegment.m in Sources */,
				F1F04AF717E1B39700720C5C /* HMGFixedSegment.m in Sources */,
			);
			runOnlyForDeploymentPostprocessing = 0;
		};
		F1C8EEE817CF38420093DB0A /* Sources */ = {
			isa = PBXSourcesBuildPhase;
			buildActionMask = 2147483647;
			files = (
				F1C8EEFC17CF38420093DB0A /* HomagePrototypeTests.m in Sources */,
			);
			runOnlyForDeploymentPostprocessing = 0;
		};
		F1D42E8417D4915F00802D7C /* Sources */ = {
			isa = PBXSourcesBuildPhase;
			buildActionMask = 2147483647;
			files = (
				F1F04B0A17E488CF00720C5C /* HMGVideoSegment.m in Sources */,
				F1F04B0B17E488CF00720C5C /* HMGSegment.m in Sources */,
				F1F04B0C17E488CF00720C5C /* HMGImageSegment.m in Sources */,
				F1F04B0D17E488CF00720C5C /* HMGTextSegment.m in Sources */,
				F1F04B0E17E488CF00720C5C /* HMGFixedSegment.m in Sources */,
				F19123E617DE813F00DE85DB /* CHCSVParser.m in Sources */,
				F19123E517DE812900DE85DB /* HMGTemplateCSVLoader.m in Sources */,
				F1D42E9D17D4CE0800802D7C /* HMGTemplate.m in Sources */,
				F1D42E9E17D4CE0800802D7C /* HMGRemake.m in Sources */,
				F1D42E9F17D4CE0800802D7C /* HMGTemplateIterator.m in Sources */,
				F1D42E9C17D4BDF700802D7C /* TemplatesIteratorTests.m in Sources */,
				F19123E417DE7EB800DE85DB /* TemplateCSVLoaderTests.m in Sources */,
			);
			runOnlyForDeploymentPostprocessing = 0;
		};
/* End PBXSourcesBuildPhase section */

/* Begin PBXTargetDependency section */
		F1C8EEF317CF38420093DB0A /* PBXTargetDependency */ = {
			isa = PBXTargetDependency;
			target = F1C8EEC617CF38420093DB0A /* HomagePrototype */;
			targetProxy = F1C8EEF217CF38420093DB0A /* PBXContainerItemProxy */;
		};
		F1D42EA117D4CE1600802D7C /* PBXTargetDependency */ = {
			isa = PBXTargetDependency;
			target = F1C8EEC617CF38420093DB0A /* HomagePrototype */;
			targetProxy = F1D42EA017D4CE1600802D7C /* PBXContainerItemProxy */;
		};
/* End PBXTargetDependency section */

/* Begin PBXVariantGroup section */
		F1C8EED317CF38420093DB0A /* InfoPlist.strings */ = {
			isa = PBXVariantGroup;
			children = (
				F1C8EED417CF38420093DB0A /* en */,
			);
			name = InfoPlist.strings;
			sourceTree = "<group>";
		};
		F1C8EEE217CF38420093DB0A /* MainStoryboard.storyboard */ = {
			isa = PBXVariantGroup;
			children = (
				F1C8EEE317CF38420093DB0A /* en */,
			);
			name = MainStoryboard.storyboard;
			sourceTree = "<group>";
		};
		F1C8EEF717CF38420093DB0A /* InfoPlist.strings */ = {
			isa = PBXVariantGroup;
			children = (
				F1C8EEF817CF38420093DB0A /* en */,
			);
			name = InfoPlist.strings;
			sourceTree = "<group>";
		};
		F1D42E9017D4915F00802D7C /* InfoPlist.strings */ = {
			isa = PBXVariantGroup;
			children = (
				F1D42E9117D4915F00802D7C /* en */,
			);
			name = InfoPlist.strings;
			sourceTree = "<group>";
		};
/* End PBXVariantGroup section */

/* Begin XCBuildConfiguration section */
		F1C8EEFD17CF38420093DB0A /* Debug */ = {
			isa = XCBuildConfiguration;
			buildSettings = {
				ALWAYS_SEARCH_USER_PATHS = NO;
				CLANG_CXX_LANGUAGE_STANDARD = "gnu++0x";
				CLANG_CXX_LIBRARY = "libc++";
				CLANG_ENABLE_OBJC_ARC = YES;
				CLANG_WARN_CONSTANT_CONVERSION = YES;
				CLANG_WARN_EMPTY_BODY = YES;
				CLANG_WARN_ENUM_CONVERSION = YES;
				CLANG_WARN_INT_CONVERSION = YES;
				CLANG_WARN__DUPLICATE_METHOD_MATCH = YES;
				"CODE_SIGN_IDENTITY[sdk=iphoneos*]" = "iPhone Developer";
				COPY_PHASE_STRIP = NO;
				GCC_C_LANGUAGE_STANDARD = gnu99;
				GCC_DYNAMIC_NO_PIC = NO;
				GCC_OPTIMIZATION_LEVEL = 0;
				GCC_PREPROCESSOR_DEFINITIONS = (
					"DEBUG=1",
					"$(inherited)",
				);
				GCC_SYMBOLS_PRIVATE_EXTERN = NO;
				GCC_WARN_ABOUT_RETURN_TYPE = YES;
				GCC_WARN_UNINITIALIZED_AUTOS = YES;
				GCC_WARN_UNUSED_VARIABLE = YES;
				IPHONEOS_DEPLOYMENT_TARGET = 6.1;
				ONLY_ACTIVE_ARCH = YES;
				SDKROOT = iphoneos;
			};
			name = Debug;
		};
		F1C8EEFE17CF38420093DB0A /* Release */ = {
			isa = XCBuildConfiguration;
			buildSettings = {
				ALWAYS_SEARCH_USER_PATHS = NO;
				CLANG_CXX_LANGUAGE_STANDARD = "gnu++0x";
				CLANG_CXX_LIBRARY = "libc++";
				CLANG_ENABLE_OBJC_ARC = YES;
				CLANG_WARN_CONSTANT_CONVERSION = YES;
				CLANG_WARN_EMPTY_BODY = YES;
				CLANG_WARN_ENUM_CONVERSION = YES;
				CLANG_WARN_INT_CONVERSION = YES;
				CLANG_WARN__DUPLICATE_METHOD_MATCH = YES;
				"CODE_SIGN_IDENTITY[sdk=iphoneos*]" = "iPhone Developer";
				COPY_PHASE_STRIP = YES;
				GCC_C_LANGUAGE_STANDARD = gnu99;
				GCC_WARN_ABOUT_RETURN_TYPE = YES;
				GCC_WARN_UNINITIALIZED_AUTOS = YES;
				GCC_WARN_UNUSED_VARIABLE = YES;
				IPHONEOS_DEPLOYMENT_TARGET = 6.1;
				OTHER_CFLAGS = "-DNS_BLOCK_ASSERTIONS=1";
				SDKROOT = iphoneos;
				VALIDATE_PRODUCT = YES;
			};
			name = Release;
		};
		F1C8EF0017CF38420093DB0A /* Debug */ = {
			isa = XCBuildConfiguration;
			buildSettings = {
				GCC_PRECOMPILE_PREFIX_HEADER = YES;
				GCC_PREFIX_HEADER = "HomagePrototype/HomagePrototype-Prefix.pch";
				INFOPLIST_FILE = "HomagePrototype/HomagePrototype-Info.plist";
				PRODUCT_NAME = "$(TARGET_NAME)";
				WRAPPER_EXTENSION = app;
			};
			name = Debug;
		};
		F1C8EF0117CF38420093DB0A /* Release */ = {
			isa = XCBuildConfiguration;
			buildSettings = {
				GCC_PRECOMPILE_PREFIX_HEADER = YES;
				GCC_PREFIX_HEADER = "HomagePrototype/HomagePrototype-Prefix.pch";
				INFOPLIST_FILE = "HomagePrototype/HomagePrototype-Info.plist";
				PRODUCT_NAME = "$(TARGET_NAME)";
				WRAPPER_EXTENSION = app;
			};
			name = Release;
		};
		F1C8EF0317CF38420093DB0A /* Debug */ = {
			isa = XCBuildConfiguration;
			buildSettings = {
				BUNDLE_LOADER = "$(BUILT_PRODUCTS_DIR)/HomagePrototype.app/HomagePrototype";
				FRAMEWORK_SEARCH_PATHS = (
					"\"$(SDKROOT)/Developer/Library/Frameworks\"",
					"\"$(DEVELOPER_LIBRARY_DIR)/Frameworks\"",
				);
				GCC_PRECOMPILE_PREFIX_HEADER = YES;
				GCC_PREFIX_HEADER = "HomagePrototype/HomagePrototype-Prefix.pch";
				INFOPLIST_FILE = "HomagePrototypeTests/HomagePrototypeTests-Info.plist";
				PRODUCT_NAME = "$(TARGET_NAME)";
				TEST_HOST = "$(BUNDLE_LOADER)";
				WRAPPER_EXTENSION = octest;
			};
			name = Debug;
		};
		F1C8EF0417CF38420093DB0A /* Release */ = {
			isa = XCBuildConfiguration;
			buildSettings = {
				BUNDLE_LOADER = "$(BUILT_PRODUCTS_DIR)/HomagePrototype.app/HomagePrototype";
				FRAMEWORK_SEARCH_PATHS = (
					"\"$(SDKROOT)/Developer/Library/Frameworks\"",
					"\"$(DEVELOPER_LIBRARY_DIR)/Frameworks\"",
				);
				GCC_PRECOMPILE_PREFIX_HEADER = YES;
				GCC_PREFIX_HEADER = "HomagePrototype/HomagePrototype-Prefix.pch";
				INFOPLIST_FILE = "HomagePrototypeTests/HomagePrototypeTests-Info.plist";
				PRODUCT_NAME = "$(TARGET_NAME)";
				TEST_HOST = "$(BUNDLE_LOADER)";
				WRAPPER_EXTENSION = octest;
			};
			name = Release;
		};
		F1D42E9717D4915F00802D7C /* Debug */ = {
			isa = XCBuildConfiguration;
			buildSettings = {
				FRAMEWORK_SEARCH_PATHS = (
					"\"$(SDKROOT)/Developer/Library/Frameworks\"",
					"\"$(DEVELOPER_LIBRARY_DIR)/Frameworks\"",
				);
				GCC_PRECOMPILE_PREFIX_HEADER = YES;
				GCC_PREFIX_HEADER = "HomagePrototypeLogicTests/HomagePrototypeLogicTests-Prefix.pch";
				INFOPLIST_FILE = "HomagePrototypeLogicTests/HomagePrototypeLogicTests-Info.plist";
				PRODUCT_NAME = "$(TARGET_NAME)";
				WRAPPER_EXTENSION = octest;
			};
			name = Debug;
		};
		F1D42E9817D4915F00802D7C /* Release */ = {
			isa = XCBuildConfiguration;
			buildSettings = {
				FRAMEWORK_SEARCH_PATHS = (
					"\"$(SDKROOT)/Developer/Library/Frameworks\"",
					"\"$(DEVELOPER_LIBRARY_DIR)/Frameworks\"",
				);
				GCC_PRECOMPILE_PREFIX_HEADER = YES;
				GCC_PREFIX_HEADER = "HomagePrototypeLogicTests/HomagePrototypeLogicTests-Prefix.pch";
				INFOPLIST_FILE = "HomagePrototypeLogicTests/HomagePrototypeLogicTests-Info.plist";
				PRODUCT_NAME = "$(TARGET_NAME)";
				WRAPPER_EXTENSION = octest;
			};
			name = Release;
		};
/* End XCBuildConfiguration section */

/* Begin XCConfigurationList section */
		F1C8EEC217CF38420093DB0A /* Build configuration list for PBXProject "HomagePrototype" */ = {
			isa = XCConfigurationList;
			buildConfigurations = (
				F1C8EEFD17CF38420093DB0A /* Debug */,
				F1C8EEFE17CF38420093DB0A /* Release */,
			);
			defaultConfigurationIsVisible = 0;
			defaultConfigurationName = Release;
		};
		F1C8EEFF17CF38420093DB0A /* Build configuration list for PBXNativeTarget "HomagePrototype" */ = {
			isa = XCConfigurationList;
			buildConfigurations = (
				F1C8EF0017CF38420093DB0A /* Debug */,
				F1C8EF0117CF38420093DB0A /* Release */,
			);
			defaultConfigurationIsVisible = 0;
			defaultConfigurationName = Release;
		};
		F1C8EF0217CF38420093DB0A /* Build configuration list for PBXNativeTarget "HomagePrototypeApplicationTests" */ = {
			isa = XCConfigurationList;
			buildConfigurations = (
				F1C8EF0317CF38420093DB0A /* Debug */,
				F1C8EF0417CF38420093DB0A /* Release */,
			);
			defaultConfigurationIsVisible = 0;
			defaultConfigurationName = Release;
		};
		F1D42E9917D4915F00802D7C /* Build configuration list for PBXNativeTarget "HomagePrototypeLogicTests" */ = {
			isa = XCConfigurationList;
			buildConfigurations = (
				F1D42E9717D4915F00802D7C /* Debug */,
				F1D42E9817D4915F00802D7C /* Release */,
			);
			defaultConfigurationIsVisible = 0;
			defaultConfigurationName = Release;
		};
/* End XCConfigurationList section */
	};
	rootObject = F1C8EEBF17CF38420093DB0A /* Project object */;
}
